// !$*UTF8*$!
{
	archiveVersion = 1;
	classes = {
	};
	objectVersion = 46;
	objects = {

/* Begin PBXBuildFile section */
		5D0149741B614442005142B2 /* SLLogMacros.h in Headers */ = {isa = PBXBuildFile; fileRef = 5D0149731B614442005142B2 /* SLLogMacros.h */; settings = {ATTRIBUTES = (Public, ); }; };
		5D01497D1B62CB11005142B2 /* main.m in Sources */ = {isa = PBXBuildFile; fileRef = 5D01497C1B62CB11005142B2 /* main.m */; };
		5D0149801B62CB11005142B2 /* AppDelegate.m in Sources */ = {isa = PBXBuildFile; fileRef = 5D01497F1B62CB11005142B2 /* AppDelegate.m */; };
		5D0149831B62CB11005142B2 /* MasterViewController.m in Sources */ = {isa = PBXBuildFile; fileRef = 5D0149821B62CB11005142B2 /* MasterViewController.m */; };
		5D0149861B62CB11005142B2 /* DetailViewController.m in Sources */ = {isa = PBXBuildFile; fileRef = 5D0149851B62CB11005142B2 /* DetailViewController.m */; };
		5D0149891B62CB11005142B2 /* Main.storyboard in Resources */ = {isa = PBXBuildFile; fileRef = 5D0149871B62CB11005142B2 /* Main.storyboard */; };
		5D01498B1B62CB11005142B2 /* Assets.xcassets in Resources */ = {isa = PBXBuildFile; fileRef = 5D01498A1B62CB11005142B2 /* Assets.xcassets */; };
		5D01498E1B62CB11005142B2 /* LaunchScreen.storyboard in Resources */ = {isa = PBXBuildFile; fileRef = 5D01498C1B62CB11005142B2 /* LaunchScreen.storyboard */; };
		5D0149991B62CB11005142B2 /* SuperLoggerTestAppTests.m in Sources */ = {isa = PBXBuildFile; fileRef = 5D0149981B62CB11005142B2 /* SuperLoggerTestAppTests.m */; };
		5D0149A41B62CB11005142B2 /* SuperLoggerTestAppUITests.m in Sources */ = {isa = PBXBuildFile; fileRef = 5D0149A31B62CB11005142B2 /* SuperLoggerTestAppUITests.m */; };
		5D0149B01B67D4A9005142B2 /* SLLoggerControllerTests.m in Sources */ = {isa = PBXBuildFile; fileRef = 5D0149AF1B67D4A9005142B2 /* SLLoggerControllerTests.m */; };
		5D0367FC1B6FE2C8001C0C46 /* SLGlobals.m in Sources */ = {isa = PBXBuildFile; fileRef = 5D0367FB1B6FE2C8001C0C46 /* SLGlobals.m */; };
		5D0367FE1B6FE44D001C0C46 /* SLFileModuleTests.m in Sources */ = {isa = PBXBuildFile; fileRef = 5D0367FD1B6FE44D001C0C46 /* SLFileModuleTests.m */; };
		5D2B796B1B5000A100E83E2B /* SuperLogger.h in Headers */ = {isa = PBXBuildFile; fileRef = 5D2B796A1B5000A100E83E2B /* SuperLogger.h */; settings = {ATTRIBUTES = (Public, ); }; };
		5D2B79711B5000A200E83E2B /* SuperLogger.framework in Frameworks */ = {isa = PBXBuildFile; fileRef = 5D2B79651B5000A100E83E2B /* SuperLogger.framework */; };
		5D372D7F1B8CB4EA00BCDE0E /* SuperLoggerFile.h in Headers */ = {isa = PBXBuildFile; fileRef = 5D77F9FD1B57E9DF0013F9A7 /* SuperLoggerFile.h */; settings = {ATTRIBUTES = (Public, ); }; };
		5D372D801B8CB50600BCDE0E /* SuperLoggerCoreData.h in Headers */ = {isa = PBXBuildFile; fileRef = 5D77FA261B57F8630013F9A7 /* SuperLoggerCoreData.h */; settings = {ATTRIBUTES = (Public, ); }; };
		5D3A18A71B68104C00139385 /* libOCMock.a in Frameworks */ = {isa = PBXBuildFile; fileRef = 5D3A18A61B68104C00139385 /* libOCMock.a */; };
		5D3A18A81B68104C00139385 /* libOCMock.a in Frameworks */ = {isa = PBXBuildFile; fileRef = 5D3A18A61B68104C00139385 /* libOCMock.a */; };
		5D3A18A91B68104C00139385 /* libOCMock.a in Frameworks */ = {isa = PBXBuildFile; fileRef = 5D3A18A61B68104C00139385 /* libOCMock.a */; };
		5D3A18AA1B68104C00139385 /* libOCMock.a in Frameworks */ = {isa = PBXBuildFile; fileRef = 5D3A18A61B68104C00139385 /* libOCMock.a */; };
		5D3A18AB1B68104C00139385 /* libOCMock.a in Frameworks */ = {isa = PBXBuildFile; fileRef = 5D3A18A61B68104C00139385 /* libOCMock.a */; };
		5D3A18AC1B68104C00139385 /* libOCMock.a in Frameworks */ = {isa = PBXBuildFile; fileRef = 5D3A18A61B68104C00139385 /* libOCMock.a */; };
		5D4049D61B557B8C00DA719D /* SuperLoggerWebServer.h in Headers */ = {isa = PBXBuildFile; fileRef = 5D4049D51B557B8C00DA719D /* SuperLoggerWebServer.h */; settings = {ATTRIBUTES = (Public, ); }; };
		5D4049DD1B557B8C00DA719D /* SuperLoggerWebServer.framework in Frameworks */ = {isa = PBXBuildFile; fileRef = 5D4049D31B557B8C00DA719D /* SuperLoggerWebServer.framework */; };
		5D4049E21B557B8C00DA719D /* SuperLoggerWebServerTests.m in Sources */ = {isa = PBXBuildFile; fileRef = 5D4049E11B557B8C00DA719D /* SuperLoggerWebServerTests.m */; };
		5D77F9E21B57E9D20013F9A7 /* SuperLoggerConsole.h in Headers */ = {isa = PBXBuildFile; fileRef = 5D77F9E11B57E9D20013F9A7 /* SuperLoggerConsole.h */; settings = {ATTRIBUTES = (Public, ); }; };
		5D77F9E91B57E9D20013F9A7 /* SuperLoggerConsole.framework in Frameworks */ = {isa = PBXBuildFile; fileRef = 5D77F9DF1B57E9D20013F9A7 /* SuperLoggerConsole.framework */; };
		5D77F9EE1B57E9D20013F9A7 /* SuperLoggerConsoleTests.m in Sources */ = {isa = PBXBuildFile; fileRef = 5D77F9ED1B57E9D20013F9A7 /* SuperLoggerConsoleTests.m */; };
		5D77FA051B57E9DF0013F9A7 /* SuperLoggerFile.framework in Frameworks */ = {isa = PBXBuildFile; fileRef = 5D77F9FB1B57E9DF0013F9A7 /* SuperLoggerFile.framework */; };
		5D77FA0A1B57E9DF0013F9A7 /* SuperLoggerFileTests.m in Sources */ = {isa = PBXBuildFile; fileRef = 5D77FA091B57E9DF0013F9A7 /* SuperLoggerFileTests.m */; };
		5D77FA141B57E9FC0013F9A7 /* SuperLogger.framework in Frameworks */ = {isa = PBXBuildFile; fileRef = 5D2B79651B5000A100E83E2B /* SuperLogger.framework */; };
		5D77FA151B57EA000013F9A7 /* SuperLogger.framework in Frameworks */ = {isa = PBXBuildFile; fileRef = 5D2B79651B5000A100E83E2B /* SuperLogger.framework */; };
		5D77FA161B57EA040013F9A7 /* SuperLogger.framework in Frameworks */ = {isa = PBXBuildFile; fileRef = 5D2B79651B5000A100E83E2B /* SuperLogger.framework */; };
		5D77FA191B57EA450013F9A7 /* SLConsoleLogger.h in Headers */ = {isa = PBXBuildFile; fileRef = 5D77FA171B57EA450013F9A7 /* SLConsoleLogger.h */; settings = {ATTRIBUTES = (Public, ); }; };
		5D77FA1A1B57EA450013F9A7 /* SLConsoleLogger.m in Sources */ = {isa = PBXBuildFile; fileRef = 5D77FA181B57EA450013F9A7 /* SLConsoleLogger.m */; };
		5D77FA1D1B57EA5B0013F9A7 /* SLFileLogger.h in Headers */ = {isa = PBXBuildFile; fileRef = 5D77FA1B1B57EA5B0013F9A7 /* SLFileLogger.h */; settings = {ATTRIBUTES = (Public, ); }; };
		5D77FA1E1B57EA5B0013F9A7 /* SLFileLogger.m in Sources */ = {isa = PBXBuildFile; fileRef = 5D77FA1C1B57EA5B0013F9A7 /* SLFileLogger.m */; };
		5D77FA2E1B57F8630013F9A7 /* SuperLoggerCoreData.framework in Frameworks */ = {isa = PBXBuildFile; fileRef = 5D77FA241B57F8630013F9A7 /* SuperLoggerCoreData.framework */; };
		5D77FA331B57F8630013F9A7 /* SuperLoggerCoreDataTests.m in Sources */ = {isa = PBXBuildFile; fileRef = 5D77FA321B57F8630013F9A7 /* SuperLoggerCoreDataTests.m */; };
		5D77FA3B1B5804B60013F9A7 /* SuperLogger.framework in Frameworks */ = {isa = PBXBuildFile; fileRef = 5D2B79651B5000A100E83E2B /* SuperLogger.framework */; };
		5D77FA3C1B5842B70013F9A7 /* SLGlobals.h in Headers */ = {isa = PBXBuildFile; fileRef = 5DB55A771B5062C7009E2C2E /* SLGlobals.h */; settings = {ATTRIBUTES = (Public, ); }; };
		5D77FA421B5D40710013F9A7 /* SLLogSearch.h in Headers */ = {isa = PBXBuildFile; fileRef = 5D77FA411B5D40710013F9A7 /* SLLogSearch.h */; };
		5D9F9A081B5000FF0069DC65 /* SLLoggerController.h in Headers */ = {isa = PBXBuildFile; fileRef = 5D9F9A061B5000FF0069DC65 /* SLLoggerController.h */; settings = {ATTRIBUTES = (Public, ); }; };
		5D9F9A091B5000FF0069DC65 /* SLLoggerController.m in Sources */ = {isa = PBXBuildFile; fileRef = 5D9F9A071B5000FF0069DC65 /* SLLoggerController.m */; };
		5D9F9A0B1B5002180069DC65 /* SLLogger.h in Headers */ = {isa = PBXBuildFile; fileRef = 5D9F9A0A1B5002180069DC65 /* SLLogger.h */; settings = {ATTRIBUTES = (Public, ); }; };
		5DACEFB71B8CBC6D004E74B9 /* SuperLogger.framework in Frameworks */ = {isa = PBXBuildFile; fileRef = 5D2B79651B5000A100E83E2B /* SuperLogger.framework */; };
		5DACEFB81B8CBC6D004E74B9 /* SuperLogger.framework in Embed Frameworks */ = {isa = PBXBuildFile; fileRef = 5D2B79651B5000A100E83E2B /* SuperLogger.framework */; settings = {ATTRIBUTES = (CodeSignOnCopy, RemoveHeadersOnCopy, ); }; };
		5DACEFBB1B8CBC6D004E74B9 /* SuperLoggerConsole.framework in Frameworks */ = {isa = PBXBuildFile; fileRef = 5D77F9DF1B57E9D20013F9A7 /* SuperLoggerConsole.framework */; };
		5DACEFBC1B8CBC6D004E74B9 /* SuperLoggerConsole.framework in Embed Frameworks */ = {isa = PBXBuildFile; fileRef = 5D77F9DF1B57E9D20013F9A7 /* SuperLoggerConsole.framework */; settings = {ATTRIBUTES = (CodeSignOnCopy, RemoveHeadersOnCopy, ); }; };
		5DACEFC81B8E0747004E74B9 /* SuperLoggerASL.h in Headers */ = {isa = PBXBuildFile; fileRef = 5DACEFC71B8E0747004E74B9 /* SuperLoggerASL.h */; settings = {ATTRIBUTES = (Public, ); }; };
		5DACEFCF1B8E0747004E74B9 /* SuperLoggerASL.framework in Frameworks */ = {isa = PBXBuildFile; fileRef = 5DACEFC51B8E0747004E74B9 /* SuperLoggerASL.framework */; settings = {ASSET_TAGS = (); }; };
		5DACEFD61B8E0747004E74B9 /* SuperLoggerASLTests.m in Sources */ = {isa = PBXBuildFile; fileRef = 5DACEFD51B8E0747004E74B9 /* SuperLoggerASLTests.m */; };
		5DACEFDA1B8E0747004E74B9 /* SuperLoggerASL.framework in Frameworks */ = {isa = PBXBuildFile; fileRef = 5DACEFC51B8E0747004E74B9 /* SuperLoggerASL.framework */; };
		5DACEFDB1B8E0747004E74B9 /* SuperLoggerASL.framework in Embed Frameworks */ = {isa = PBXBuildFile; fileRef = 5DACEFC51B8E0747004E74B9 /* SuperLoggerASL.framework */; settings = {ATTRIBUTES = (CodeSignOnCopy, RemoveHeadersOnCopy, ); }; };
		5DB55A6F1B504FA8009E2C2E /* SLLog.h in Headers */ = {isa = PBXBuildFile; fileRef = 5DB55A6D1B504FA8009E2C2E /* SLLog.h */; settings = {ATTRIBUTES = (Public, ); }; };
		5DB55A701B504FA8009E2C2E /* SLLog.m in Sources */ = {isa = PBXBuildFile; fileRef = 5DB55A6E1B504FA8009E2C2E /* SLLog.m */; };
		5DB55A7B1B53F801009E2C2E /* SLFilter.h in Headers */ = {isa = PBXBuildFile; fileRef = 5DB55A791B53F801009E2C2E /* SLFilter.h */; settings = {ATTRIBUTES = (Public, ); }; };
		5DB55A7C1B53F801009E2C2E /* SLFilter.m in Sources */ = {isa = PBXBuildFile; fileRef = 5DB55A7A1B53F801009E2C2E /* SLFilter.m */; };
		5DB55FF41B6A5F4400BC8B87 /* SLLogTests.m in Sources */ = {isa = PBXBuildFile; fileRef = 5DB55FF31B6A5F4400BC8B87 /* SLLogTests.m */; };
		5DB55FF61B6A683800BC8B87 /* SLLogMacrosTests.m in Sources */ = {isa = PBXBuildFile; fileRef = 5DB55FF51B6A683800BC8B87 /* SLLogMacrosTests.m */; };
		5DB55FFB1B6A6F8800BC8B87 /* Expecta.framework in Frameworks */ = {isa = PBXBuildFile; fileRef = 5DB55FF71B6A6F8400BC8B87 /* Expecta.framework */; };
		5DB55FFC1B6A6F8800BC8B87 /* Specta.framework in Frameworks */ = {isa = PBXBuildFile; fileRef = 5DB55FF81B6A6F8400BC8B87 /* Specta.framework */; };
		5DF4E7E41B5040D30073B6CB /* SLFileModule.h in Headers */ = {isa = PBXBuildFile; fileRef = 5DF4E7E21B5040D30073B6CB /* SLFileModule.h */; settings = {ATTRIBUTES = (Public, ); }; };
		5DF4E7E51B5040D30073B6CB /* SLFileModule.m in Sources */ = {isa = PBXBuildFile; fileRef = 5DF4E7E31B5040D30073B6CB /* SLFileModule.m */; };
/* End PBXBuildFile section */

/* Begin PBXContainerItemProxy section */
		5D0149951B62CB11005142B2 /* PBXContainerItemProxy */ = {
			isa = PBXContainerItemProxy;
			containerPortal = 5D2B795C1B5000A100E83E2B /* Project object */;
			proxyType = 1;
			remoteGlobalIDString = 5D0149781B62CB11005142B2;
			remoteInfo = SuperLoggerTestApp;
		};
		5D0149A01B62CB11005142B2 /* PBXContainerItemProxy */ = {
			isa = PBXContainerItemProxy;
			containerPortal = 5D2B795C1B5000A100E83E2B /* Project object */;
			proxyType = 1;
			remoteGlobalIDString = 5D0149781B62CB11005142B2;
			remoteInfo = SuperLoggerTestApp;
		};
		5D2B79721B5000A200E83E2B /* PBXContainerItemProxy */ = {
			isa = PBXContainerItemProxy;
			containerPortal = 5D2B795C1B5000A100E83E2B /* Project object */;
			proxyType = 1;
			remoteGlobalIDString = 5D2B79641B5000A100E83E2B;
			remoteInfo = SuperLogger;
		};
		5D4049DE1B557B8C00DA719D /* PBXContainerItemProxy */ = {
			isa = PBXContainerItemProxy;
			containerPortal = 5D2B795C1B5000A100E83E2B /* Project object */;
			proxyType = 1;
			remoteGlobalIDString = 5D4049D21B557B8C00DA719D;
			remoteInfo = "SuperLogger-WebServer";
		};
		5D77F9EA1B57E9D20013F9A7 /* PBXContainerItemProxy */ = {
			isa = PBXContainerItemProxy;
			containerPortal = 5D2B795C1B5000A100E83E2B /* Project object */;
			proxyType = 1;
			remoteGlobalIDString = 5D77F9DE1B57E9D20013F9A7;
			remoteInfo = "SuperLogger-Console";
		};
		5D77FA061B57E9DF0013F9A7 /* PBXContainerItemProxy */ = {
			isa = PBXContainerItemProxy;
			containerPortal = 5D2B795C1B5000A100E83E2B /* Project object */;
			proxyType = 1;
			remoteGlobalIDString = 5D77F9FA1B57E9DF0013F9A7;
			remoteInfo = "SuperLogger-File";
		};
		5D77FA2F1B57F8630013F9A7 /* PBXContainerItemProxy */ = {
			isa = PBXContainerItemProxy;
			containerPortal = 5D2B795C1B5000A100E83E2B /* Project object */;
			proxyType = 1;
			remoteGlobalIDString = 5D77FA231B57F8630013F9A7;
			remoteInfo = "SuperLogger-CoreData";
		};
		5DACEFB91B8CBC6D004E74B9 /* PBXContainerItemProxy */ = {
			isa = PBXContainerItemProxy;
			containerPortal = 5D2B795C1B5000A100E83E2B /* Project object */;
			proxyType = 1;
			remoteGlobalIDString = 5D2B79641B5000A100E83E2B;
			remoteInfo = SuperLogger;
		};
		5DACEFBD1B8CBC6D004E74B9 /* PBXContainerItemProxy */ = {
			isa = PBXContainerItemProxy;
			containerPortal = 5D2B795C1B5000A100E83E2B /* Project object */;
			proxyType = 1;
			remoteGlobalIDString = 5D77F9DE1B57E9D20013F9A7;
			remoteInfo = SuperLoggerConsole;
		};
		5DACEFD01B8E0747004E74B9 /* PBXContainerItemProxy */ = {
			isa = PBXContainerItemProxy;
			containerPortal = 5D2B795C1B5000A100E83E2B /* Project object */;
			proxyType = 1;
			remoteGlobalIDString = 5DACEFC41B8E0747004E74B9;
			remoteInfo = SuperLoggerASL;
		};
		5DACEFD21B8E0747004E74B9 /* PBXContainerItemProxy */ = {
			isa = PBXContainerItemProxy;
			containerPortal = 5D2B795C1B5000A100E83E2B /* Project object */;
			proxyType = 1;
			remoteGlobalIDString = 5D0149781B62CB11005142B2;
			remoteInfo = SuperLoggerTestApp;
		};
		5DACEFD81B8E0747004E74B9 /* PBXContainerItemProxy */ = {
			isa = PBXContainerItemProxy;
			containerPortal = 5D2B795C1B5000A100E83E2B /* Project object */;
			proxyType = 1;
			remoteGlobalIDString = 5DACEFC41B8E0747004E74B9;
			remoteInfo = SuperLoggerASL;
		};
/* End PBXContainerItemProxy section */

/* Begin PBXCopyFilesBuildPhase section */
		5DACEFBF1B8CBC6E004E74B9 /* Embed Frameworks */ = {
			isa = PBXCopyFilesBuildPhase;
			buildActionMask = 2147483647;
			dstPath = "";
			dstSubfolderSpec = 10;
			files = (
				5DACEFBC1B8CBC6D004E74B9 /* SuperLoggerConsole.framework in Embed Frameworks */,
				5DACEFDB1B8E0747004E74B9 /* SuperLoggerASL.framework in Embed Frameworks */,
				5DACEFB81B8CBC6D004E74B9 /* SuperLogger.framework in Embed Frameworks */,
			);
			name = "Embed Frameworks";
			runOnlyForDeploymentPostprocessing = 0;
		};
/* End PBXCopyFilesBuildPhase section */

/* Begin PBXFileReference section */
		5D0149731B614442005142B2 /* SLLogMacros.h */ = {isa = PBXFileReference; fileEncoding = 4; lastKnownFileType = sourcecode.c.h; path = SLLogMacros.h; sourceTree = "<group>"; };
		5D0149791B62CB11005142B2 /* SuperLoggerTestApp.app */ = {isa = PBXFileReference; explicitFileType = wrapper.application; includeInIndex = 0; path = SuperLoggerTestApp.app; sourceTree = BUILT_PRODUCTS_DIR; };
		5D01497C1B62CB11005142B2 /* main.m */ = {isa = PBXFileReference; lastKnownFileType = sourcecode.c.objc; path = main.m; sourceTree = "<group>"; };
		5D01497E1B62CB11005142B2 /* AppDelegate.h */ = {isa = PBXFileReference; lastKnownFileType = sourcecode.c.h; path = AppDelegate.h; sourceTree = "<group>"; };
		5D01497F1B62CB11005142B2 /* AppDelegate.m */ = {isa = PBXFileReference; lastKnownFileType = sourcecode.c.objc; path = AppDelegate.m; sourceTree = "<group>"; };
		5D0149811B62CB11005142B2 /* MasterViewController.h */ = {isa = PBXFileReference; lastKnownFileType = sourcecode.c.h; path = MasterViewController.h; sourceTree = "<group>"; };
		5D0149821B62CB11005142B2 /* MasterViewController.m */ = {isa = PBXFileReference; lastKnownFileType = sourcecode.c.objc; path = MasterViewController.m; sourceTree = "<group>"; };
		5D0149841B62CB11005142B2 /* DetailViewController.h */ = {isa = PBXFileReference; lastKnownFileType = sourcecode.c.h; path = DetailViewController.h; sourceTree = "<group>"; };
		5D0149851B62CB11005142B2 /* DetailViewController.m */ = {isa = PBXFileReference; lastKnownFileType = sourcecode.c.objc; path = DetailViewController.m; sourceTree = "<group>"; };
		5D0149881B62CB11005142B2 /* Base */ = {isa = PBXFileReference; lastKnownFileType = file.storyboard; name = Base; path = Base.lproj/Main.storyboard; sourceTree = "<group>"; };
		5D01498A1B62CB11005142B2 /* Assets.xcassets */ = {isa = PBXFileReference; lastKnownFileType = folder.assetcatalog; path = Assets.xcassets; sourceTree = "<group>"; };
		5D01498D1B62CB11005142B2 /* Base */ = {isa = PBXFileReference; lastKnownFileType = file.storyboard; name = Base; path = Base.lproj/LaunchScreen.storyboard; sourceTree = "<group>"; };
		5D01498F1B62CB11005142B2 /* Info.plist */ = {isa = PBXFileReference; lastKnownFileType = text.plist.xml; path = Info.plist; sourceTree = "<group>"; };
		5D0149941B62CB11005142B2 /* SuperLoggerTestAppTests.xctest */ = {isa = PBXFileReference; explicitFileType = wrapper.cfbundle; includeInIndex = 0; path = SuperLoggerTestAppTests.xctest; sourceTree = BUILT_PRODUCTS_DIR; };
		5D0149981B62CB11005142B2 /* SuperLoggerTestAppTests.m */ = {isa = PBXFileReference; lastKnownFileType = sourcecode.c.objc; path = SuperLoggerTestAppTests.m; sourceTree = "<group>"; };
		5D01499A1B62CB11005142B2 /* Info.plist */ = {isa = PBXFileReference; lastKnownFileType = text.plist.xml; path = Info.plist; sourceTree = "<group>"; };
		5D01499F1B62CB11005142B2 /* SuperLoggerTestAppUITests.xctest */ = {isa = PBXFileReference; explicitFileType = wrapper.cfbundle; includeInIndex = 0; path = SuperLoggerTestAppUITests.xctest; sourceTree = BUILT_PRODUCTS_DIR; };
		5D0149A31B62CB11005142B2 /* SuperLoggerTestAppUITests.m */ = {isa = PBXFileReference; lastKnownFileType = sourcecode.c.objc; path = SuperLoggerTestAppUITests.m; sourceTree = "<group>"; };
		5D0149A51B62CB11005142B2 /* Info.plist */ = {isa = PBXFileReference; lastKnownFileType = text.plist.xml; path = Info.plist; sourceTree = "<group>"; };
		5D0149AF1B67D4A9005142B2 /* SLLoggerControllerTests.m */ = {isa = PBXFileReference; fileEncoding = 4; lastKnownFileType = sourcecode.c.objc; path = SLLoggerControllerTests.m; sourceTree = "<group>"; };
		5D0367FB1B6FE2C8001C0C46 /* SLGlobals.m */ = {isa = PBXFileReference; fileEncoding = 4; lastKnownFileType = sourcecode.c.objc; path = SLGlobals.m; sourceTree = "<group>"; };
		5D0367FD1B6FE44D001C0C46 /* SLFileModuleTests.m */ = {isa = PBXFileReference; fileEncoding = 4; lastKnownFileType = sourcecode.c.objc; path = SLFileModuleTests.m; sourceTree = "<group>"; };
		5D2B79651B5000A100E83E2B /* SuperLogger.framework */ = {isa = PBXFileReference; explicitFileType = wrapper.framework; includeInIndex = 0; path = SuperLogger.framework; sourceTree = BUILT_PRODUCTS_DIR; };
		5D2B79691B5000A100E83E2B /* Info.plist */ = {isa = PBXFileReference; lastKnownFileType = text.plist.xml; path = Info.plist; sourceTree = "<group>"; };
		5D2B796A1B5000A100E83E2B /* SuperLogger.h */ = {isa = PBXFileReference; lastKnownFileType = sourcecode.c.h; path = SuperLogger.h; sourceTree = "<group>"; };
		5D2B79701B5000A200E83E2B /* SuperLoggerTests.xctest */ = {isa = PBXFileReference; explicitFileType = wrapper.cfbundle; includeInIndex = 0; path = SuperLoggerTests.xctest; sourceTree = BUILT_PRODUCTS_DIR; };
		5D2B79761B5000A200E83E2B /* Info.plist */ = {isa = PBXFileReference; lastKnownFileType = text.plist.xml; path = Info.plist; sourceTree = "<group>"; };
		5D3A189D1B68104C00139385 /* NSNotificationCenter+OCMAdditions.h */ = {isa = PBXFileReference; fileEncoding = 4; lastKnownFileType = sourcecode.c.h; path = "NSNotificationCenter+OCMAdditions.h"; sourceTree = "<group>"; };
		5D3A189E1B68104C00139385 /* OCMArg.h */ = {isa = PBXFileReference; fileEncoding = 4; lastKnownFileType = sourcecode.c.h; path = OCMArg.h; sourceTree = "<group>"; };
		5D3A189F1B68104C00139385 /* OCMConstraint.h */ = {isa = PBXFileReference; fileEncoding = 4; lastKnownFileType = sourcecode.c.h; path = OCMConstraint.h; sourceTree = "<group>"; };
		5D3A18A01B68104C00139385 /* OCMLocation.h */ = {isa = PBXFileReference; fileEncoding = 4; lastKnownFileType = sourcecode.c.h; path = OCMLocation.h; sourceTree = "<group>"; };
		5D3A18A11B68104C00139385 /* OCMMacroState.h */ = {isa = PBXFileReference; fileEncoding = 4; lastKnownFileType = sourcecode.c.h; path = OCMMacroState.h; sourceTree = "<group>"; };
		5D3A18A21B68104C00139385 /* OCMock.h */ = {isa = PBXFileReference; fileEncoding = 4; lastKnownFileType = sourcecode.c.h; path = OCMock.h; sourceTree = "<group>"; };
		5D3A18A31B68104C00139385 /* OCMockObject.h */ = {isa = PBXFileReference; fileEncoding = 4; lastKnownFileType = sourcecode.c.h; path = OCMockObject.h; sourceTree = "<group>"; };
		5D3A18A41B68104C00139385 /* OCMRecorder.h */ = {isa = PBXFileReference; fileEncoding = 4; lastKnownFileType = sourcecode.c.h; path = OCMRecorder.h; sourceTree = "<group>"; };
		5D3A18A51B68104C00139385 /* OCMStubRecorder.h */ = {isa = PBXFileReference; fileEncoding = 4; lastKnownFileType = sourcecode.c.h; path = OCMStubRecorder.h; sourceTree = "<group>"; };
		5D3A18A61B68104C00139385 /* libOCMock.a */ = {isa = PBXFileReference; lastKnownFileType = archive.ar; name = libOCMock.a; path = Libs/libOCMock.a; sourceTree = "<group>"; };
		5D4049D31B557B8C00DA719D /* SuperLoggerWebServer.framework */ = {isa = PBXFileReference; explicitFileType = wrapper.framework; includeInIndex = 0; path = SuperLoggerWebServer.framework; sourceTree = BUILT_PRODUCTS_DIR; };
		5D4049D51B557B8C00DA719D /* SuperLoggerWebServer.h */ = {isa = PBXFileReference; lastKnownFileType = sourcecode.c.h; path = SuperLoggerWebServer.h; sourceTree = "<group>"; };
		5D4049D71B557B8C00DA719D /* Info.plist */ = {isa = PBXFileReference; lastKnownFileType = text.plist.xml; path = Info.plist; sourceTree = "<group>"; };
		5D4049DC1B557B8C00DA719D /* SuperLoggerWebServerTests.xctest */ = {isa = PBXFileReference; explicitFileType = wrapper.cfbundle; includeInIndex = 0; path = SuperLoggerWebServerTests.xctest; sourceTree = BUILT_PRODUCTS_DIR; };
		5D4049E11B557B8C00DA719D /* SuperLoggerWebServerTests.m */ = {isa = PBXFileReference; lastKnownFileType = sourcecode.c.objc; path = SuperLoggerWebServerTests.m; sourceTree = "<group>"; };
		5D4049E31B557B8C00DA719D /* Info.plist */ = {isa = PBXFileReference; lastKnownFileType = text.plist.xml; path = Info.plist; sourceTree = "<group>"; };
		5D77F9DF1B57E9D20013F9A7 /* SuperLoggerConsole.framework */ = {isa = PBXFileReference; explicitFileType = wrapper.framework; includeInIndex = 0; path = SuperLoggerConsole.framework; sourceTree = BUILT_PRODUCTS_DIR; };
		5D77F9E11B57E9D20013F9A7 /* SuperLoggerConsole.h */ = {isa = PBXFileReference; lastKnownFileType = sourcecode.c.h; path = SuperLoggerConsole.h; sourceTree = "<group>"; };
		5D77F9E31B57E9D20013F9A7 /* Info.plist */ = {isa = PBXFileReference; lastKnownFileType = text.plist.xml; path = Info.plist; sourceTree = "<group>"; };
		5D77F9E81B57E9D20013F9A7 /* SuperLoggerConsoleTests.xctest */ = {isa = PBXFileReference; explicitFileType = wrapper.cfbundle; includeInIndex = 0; path = SuperLoggerConsoleTests.xctest; sourceTree = BUILT_PRODUCTS_DIR; };
		5D77F9ED1B57E9D20013F9A7 /* SuperLoggerConsoleTests.m */ = {isa = PBXFileReference; lastKnownFileType = sourcecode.c.objc; path = SuperLoggerConsoleTests.m; sourceTree = "<group>"; };
		5D77F9EF1B57E9D20013F9A7 /* Info.plist */ = {isa = PBXFileReference; lastKnownFileType = text.plist.xml; path = Info.plist; sourceTree = "<group>"; };
		5D77F9FB1B57E9DF0013F9A7 /* SuperLoggerFile.framework */ = {isa = PBXFileReference; explicitFileType = wrapper.framework; includeInIndex = 0; path = SuperLoggerFile.framework; sourceTree = BUILT_PRODUCTS_DIR; };
		5D77F9FD1B57E9DF0013F9A7 /* SuperLoggerFile.h */ = {isa = PBXFileReference; lastKnownFileType = sourcecode.c.h; path = SuperLoggerFile.h; sourceTree = "<group>"; };
		5D77F9FF1B57E9DF0013F9A7 /* Info.plist */ = {isa = PBXFileReference; lastKnownFileType = text.plist.xml; path = Info.plist; sourceTree = "<group>"; };
		5D77FA041B57E9DF0013F9A7 /* SuperLoggerFileTests.xctest */ = {isa = PBXFileReference; explicitFileType = wrapper.cfbundle; includeInIndex = 0; path = SuperLoggerFileTests.xctest; sourceTree = BUILT_PRODUCTS_DIR; };
		5D77FA091B57E9DF0013F9A7 /* SuperLoggerFileTests.m */ = {isa = PBXFileReference; lastKnownFileType = sourcecode.c.objc; path = SuperLoggerFileTests.m; sourceTree = "<group>"; };
		5D77FA0B1B57E9DF0013F9A7 /* Info.plist */ = {isa = PBXFileReference; lastKnownFileType = text.plist.xml; path = Info.plist; sourceTree = "<group>"; };
		5D77FA171B57EA450013F9A7 /* SLConsoleLogger.h */ = {isa = PBXFileReference; fileEncoding = 4; lastKnownFileType = sourcecode.c.h; path = SLConsoleLogger.h; sourceTree = "<group>"; };
		5D77FA181B57EA450013F9A7 /* SLConsoleLogger.m */ = {isa = PBXFileReference; fileEncoding = 4; lastKnownFileType = sourcecode.c.objc; path = SLConsoleLogger.m; sourceTree = "<group>"; };
		5D77FA1B1B57EA5B0013F9A7 /* SLFileLogger.h */ = {isa = PBXFileReference; fileEncoding = 4; lastKnownFileType = sourcecode.c.h; path = SLFileLogger.h; sourceTree = "<group>"; };
		5D77FA1C1B57EA5B0013F9A7 /* SLFileLogger.m */ = {isa = PBXFileReference; fileEncoding = 4; lastKnownFileType = sourcecode.c.objc; path = SLFileLogger.m; sourceTree = "<group>"; };
		5D77FA241B57F8630013F9A7 /* SuperLoggerCoreData.framework */ = {isa = PBXFileReference; explicitFileType = wrapper.framework; includeInIndex = 0; path = SuperLoggerCoreData.framework; sourceTree = BUILT_PRODUCTS_DIR; };
		5D77FA261B57F8630013F9A7 /* SuperLoggerCoreData.h */ = {isa = PBXFileReference; lastKnownFileType = sourcecode.c.h; path = SuperLoggerCoreData.h; sourceTree = "<group>"; };
		5D77FA281B57F8630013F9A7 /* Info.plist */ = {isa = PBXFileReference; lastKnownFileType = text.plist.xml; path = Info.plist; sourceTree = "<group>"; };
		5D77FA2D1B57F8630013F9A7 /* SuperLoggerCoreDataTests.xctest */ = {isa = PBXFileReference; explicitFileType = wrapper.cfbundle; includeInIndex = 0; path = SuperLoggerCoreDataTests.xctest; sourceTree = BUILT_PRODUCTS_DIR; };
		5D77FA321B57F8630013F9A7 /* SuperLoggerCoreDataTests.m */ = {isa = PBXFileReference; lastKnownFileType = sourcecode.c.objc; path = SuperLoggerCoreDataTests.m; sourceTree = "<group>"; };
		5D77FA341B57F8630013F9A7 /* Info.plist */ = {isa = PBXFileReference; lastKnownFileType = text.plist.xml; path = Info.plist; sourceTree = "<group>"; };
		5D77FA411B5D40710013F9A7 /* SLLogSearch.h */ = {isa = PBXFileReference; fileEncoding = 4; lastKnownFileType = sourcecode.c.h; path = SLLogSearch.h; sourceTree = "<group>"; };
		5D9F9A061B5000FF0069DC65 /* SLLoggerController.h */ = {isa = PBXFileReference; fileEncoding = 4; lastKnownFileType = sourcecode.c.h; path = SLLoggerController.h; sourceTree = "<group>"; };
		5D9F9A071B5000FF0069DC65 /* SLLoggerController.m */ = {isa = PBXFileReference; fileEncoding = 4; lastKnownFileType = sourcecode.c.objc; path = SLLoggerController.m; sourceTree = "<group>"; };
		5D9F9A0A1B5002180069DC65 /* SLLogger.h */ = {isa = PBXFileReference; fileEncoding = 4; lastKnownFileType = sourcecode.c.h; path = SLLogger.h; sourceTree = "<group>"; };
		5DACEFC51B8E0747004E74B9 /* SuperLoggerASL.framework */ = {isa = PBXFileReference; explicitFileType = wrapper.framework; includeInIndex = 0; path = SuperLoggerASL.framework; sourceTree = BUILT_PRODUCTS_DIR; };
		5DACEFC71B8E0747004E74B9 /* SuperLoggerASL.h */ = {isa = PBXFileReference; lastKnownFileType = sourcecode.c.h; path = SuperLoggerASL.h; sourceTree = "<group>"; };
		5DACEFC91B8E0747004E74B9 /* Info.plist */ = {isa = PBXFileReference; lastKnownFileType = text.plist.xml; path = Info.plist; sourceTree = "<group>"; };
		5DACEFCE1B8E0747004E74B9 /* SuperLoggerASLTests.xctest */ = {isa = PBXFileReference; explicitFileType = wrapper.cfbundle; includeInIndex = 0; path = SuperLoggerASLTests.xctest; sourceTree = BUILT_PRODUCTS_DIR; };
		5DACEFD51B8E0747004E74B9 /* SuperLoggerASLTests.m */ = {isa = PBXFileReference; lastKnownFileType = sourcecode.c.objc; path = SuperLoggerASLTests.m; sourceTree = "<group>"; };
		5DACEFD71B8E0747004E74B9 /* Info.plist */ = {isa = PBXFileReference; lastKnownFileType = text.plist.xml; path = Info.plist; sourceTree = "<group>"; };
		5DB55A6D1B504FA8009E2C2E /* SLLog.h */ = {isa = PBXFileReference; fileEncoding = 4; lastKnownFileType = sourcecode.c.h; path = SLLog.h; sourceTree = "<group>"; };
		5DB55A6E1B504FA8009E2C2E /* SLLog.m */ = {isa = PBXFileReference; fileEncoding = 4; lastKnownFileType = sourcecode.c.objc; path = SLLog.m; sourceTree = "<group>"; };
		5DB55A771B5062C7009E2C2E /* SLGlobals.h */ = {isa = PBXFileReference; lastKnownFileType = sourcecode.c.h; path = SLGlobals.h; sourceTree = "<group>"; };
		5DB55A791B53F801009E2C2E /* SLFilter.h */ = {isa = PBXFileReference; fileEncoding = 4; lastKnownFileType = sourcecode.c.h; path = SLFilter.h; sourceTree = "<group>"; };
		5DB55A7A1B53F801009E2C2E /* SLFilter.m */ = {isa = PBXFileReference; fileEncoding = 4; lastKnownFileType = sourcecode.c.objc; path = SLFilter.m; sourceTree = "<group>"; };
		5DB55FF31B6A5F4400BC8B87 /* SLLogTests.m */ = {isa = PBXFileReference; fileEncoding = 4; lastKnownFileType = sourcecode.c.objc; path = SLLogTests.m; sourceTree = "<group>"; };
		5DB55FF51B6A683800BC8B87 /* SLLogMacrosTests.m */ = {isa = PBXFileReference; fileEncoding = 4; lastKnownFileType = sourcecode.c.objc; path = SLLogMacrosTests.m; sourceTree = "<group>"; };
		5DB55FF71B6A6F8400BC8B87 /* Expecta.framework */ = {isa = PBXFileReference; lastKnownFileType = wrapper.framework; name = Expecta.framework; path = Carthage/Build/iOS/Expecta.framework; sourceTree = "<group>"; };
		5DB55FF81B6A6F8400BC8B87 /* Specta.framework */ = {isa = PBXFileReference; lastKnownFileType = wrapper.framework; name = Specta.framework; path = Carthage/Build/iOS/Specta.framework; sourceTree = "<group>"; };
		5DF4E7E21B5040D30073B6CB /* SLFileModule.h */ = {isa = PBXFileReference; fileEncoding = 4; lastKnownFileType = sourcecode.c.h; path = SLFileModule.h; sourceTree = "<group>"; };
		5DF4E7E31B5040D30073B6CB /* SLFileModule.m */ = {isa = PBXFileReference; fileEncoding = 4; lastKnownFileType = sourcecode.c.objc; path = SLFileModule.m; sourceTree = "<group>"; };
/* End PBXFileReference section */

/* Begin PBXFrameworksBuildPhase section */
		5D0149761B62CB11005142B2 /* Frameworks */ = {
			isa = PBXFrameworksBuildPhase;
			buildActionMask = 2147483647;
			files = (
				5DACEFBB1B8CBC6D004E74B9 /* SuperLoggerConsole.framework in Frameworks */,
				5DACEFDA1B8E0747004E74B9 /* SuperLoggerASL.framework in Frameworks */,
				5DACEFB71B8CBC6D004E74B9 /* SuperLogger.framework in Frameworks */,
			);
			runOnlyForDeploymentPostprocessing = 0;
		};
		5D0149911B62CB11005142B2 /* Frameworks */ = {
			isa = PBXFrameworksBuildPhase;
			buildActionMask = 2147483647;
			files = (
				5D3A18AC1B68104C00139385 /* libOCMock.a in Frameworks */,
			);
			runOnlyForDeploymentPostprocessing = 0;
		};
		5D01499C1B62CB11005142B2 /* Frameworks */ = {
			isa = PBXFrameworksBuildPhase;
			buildActionMask = 2147483647;
			files = (
			);
			runOnlyForDeploymentPostprocessing = 0;
		};
		5D2B79611B5000A100E83E2B /* Frameworks */ = {
			isa = PBXFrameworksBuildPhase;
			buildActionMask = 2147483647;
			files = (
			);
			runOnlyForDeploymentPostprocessing = 0;
		};
		5D2B796D1B5000A200E83E2B /* Frameworks */ = {
			isa = PBXFrameworksBuildPhase;
			buildActionMask = 2147483647;
			files = (
				5D2B79711B5000A200E83E2B /* SuperLogger.framework in Frameworks */,
				5D3A18A71B68104C00139385 /* libOCMock.a in Frameworks */,
				5DB55FFB1B6A6F8800BC8B87 /* Expecta.framework in Frameworks */,
				5DB55FFC1B6A6F8800BC8B87 /* Specta.framework in Frameworks */,
			);
			runOnlyForDeploymentPostprocessing = 0;
		};
		5D4049CF1B557B8C00DA719D /* Frameworks */ = {
			isa = PBXFrameworksBuildPhase;
			buildActionMask = 2147483647;
			files = (
				5D77FA141B57E9FC0013F9A7 /* SuperLogger.framework in Frameworks */,
			);
			runOnlyForDeploymentPostprocessing = 0;
		};
		5D4049D91B557B8C00DA719D /* Frameworks */ = {
			isa = PBXFrameworksBuildPhase;
			buildActionMask = 2147483647;
			files = (
				5D4049DD1B557B8C00DA719D /* SuperLoggerWebServer.framework in Frameworks */,
				5D3A18A81B68104C00139385 /* libOCMock.a in Frameworks */,
			);
			runOnlyForDeploymentPostprocessing = 0;
		};
		5D77F9DB1B57E9D20013F9A7 /* Frameworks */ = {
			isa = PBXFrameworksBuildPhase;
			buildActionMask = 2147483647;
			files = (
				5D77FA151B57EA000013F9A7 /* SuperLogger.framework in Frameworks */,
			);
			runOnlyForDeploymentPostprocessing = 0;
		};
		5D77F9E51B57E9D20013F9A7 /* Frameworks */ = {
			isa = PBXFrameworksBuildPhase;
			buildActionMask = 2147483647;
			files = (
				5D77F9E91B57E9D20013F9A7 /* SuperLoggerConsole.framework in Frameworks */,
				5D3A18A91B68104C00139385 /* libOCMock.a in Frameworks */,
			);
			runOnlyForDeploymentPostprocessing = 0;
		};
		5D77F9F71B57E9DF0013F9A7 /* Frameworks */ = {
			isa = PBXFrameworksBuildPhase;
			buildActionMask = 2147483647;
			files = (
				5D77FA161B57EA040013F9A7 /* SuperLogger.framework in Frameworks */,
			);
			runOnlyForDeploymentPostprocessing = 0;
		};
		5D77FA011B57E9DF0013F9A7 /* Frameworks */ = {
			isa = PBXFrameworksBuildPhase;
			buildActionMask = 2147483647;
			files = (
				5D77FA051B57E9DF0013F9A7 /* SuperLoggerFile.framework in Frameworks */,
				5D3A18AA1B68104C00139385 /* libOCMock.a in Frameworks */,
			);
			runOnlyForDeploymentPostprocessing = 0;
		};
		5D77FA201B57F8630013F9A7 /* Frameworks */ = {
			isa = PBXFrameworksBuildPhase;
			buildActionMask = 2147483647;
			files = (
				5D77FA3B1B5804B60013F9A7 /* SuperLogger.framework in Frameworks */,
			);
			runOnlyForDeploymentPostprocessing = 0;
		};
		5D77FA2A1B57F8630013F9A7 /* Frameworks */ = {
			isa = PBXFrameworksBuildPhase;
			buildActionMask = 2147483647;
			files = (
				5D77FA2E1B57F8630013F9A7 /* SuperLoggerCoreData.framework in Frameworks */,
				5D3A18AB1B68104C00139385 /* libOCMock.a in Frameworks */,
			);
			runOnlyForDeploymentPostprocessing = 0;
		};
		5DACEFC11B8E0747004E74B9 /* Frameworks */ = {
			isa = PBXFrameworksBuildPhase;
			buildActionMask = 2147483647;
			files = (
			);
			runOnlyForDeploymentPostprocessing = 0;
		};
		5DACEFCB1B8E0747004E74B9 /* Frameworks */ = {
			isa = PBXFrameworksBuildPhase;
			buildActionMask = 2147483647;
			files = (
				5DACEFCF1B8E0747004E74B9 /* SuperLoggerASL.framework in Frameworks */,
			);
			runOnlyForDeploymentPostprocessing = 0;
		};
/* End PBXFrameworksBuildPhase section */

/* Begin PBXGroup section */
		5D01497A1B62CB11005142B2 /* SuperLoggerTestApp */ = {
			isa = PBXGroup;
			children = (
				5D01497E1B62CB11005142B2 /* AppDelegate.h */,
				5D01497F1B62CB11005142B2 /* AppDelegate.m */,
				5D0149811B62CB11005142B2 /* MasterViewController.h */,
				5D0149821B62CB11005142B2 /* MasterViewController.m */,
				5D0149841B62CB11005142B2 /* DetailViewController.h */,
				5D0149851B62CB11005142B2 /* DetailViewController.m */,
				5D0149871B62CB11005142B2 /* Main.storyboard */,
				5D01498A1B62CB11005142B2 /* Assets.xcassets */,
				5D01498C1B62CB11005142B2 /* LaunchScreen.storyboard */,
				5D01498F1B62CB11005142B2 /* Info.plist */,
				5D01497B1B62CB11005142B2 /* Supporting Files */,
			);
			path = SuperLoggerTestApp;
			sourceTree = "<group>";
		};
		5D01497B1B62CB11005142B2 /* Supporting Files */ = {
			isa = PBXGroup;
			children = (
				5D01497C1B62CB11005142B2 /* main.m */,
			);
			name = "Supporting Files";
			sourceTree = "<group>";
		};
		5D0149971B62CB11005142B2 /* SuperLoggerTestAppTests */ = {
			isa = PBXGroup;
			children = (
				5D0149981B62CB11005142B2 /* SuperLoggerTestAppTests.m */,
				5D01499A1B62CB11005142B2 /* Info.plist */,
			);
			path = SuperLoggerTestAppTests;
			sourceTree = "<group>";
		};
		5D0149A21B62CB11005142B2 /* SuperLoggerTestAppUITests */ = {
			isa = PBXGroup;
			children = (
				5D0149A31B62CB11005142B2 /* SuperLoggerTestAppUITests.m */,
				5D0149A51B62CB11005142B2 /* Info.plist */,
			);
			path = SuperLoggerTestAppUITests;
			sourceTree = "<group>";
		};
		5D2B795B1B5000A100E83E2B = {
			isa = PBXGroup;
			children = (
				5D01497A1B62CB11005142B2 /* SuperLoggerTestApp */,
				5D0149971B62CB11005142B2 /* SuperLoggerTestAppTests */,
				5D0149A21B62CB11005142B2 /* SuperLoggerTestAppUITests */,
				5D3A189B1B68103C00139385 /* Libraries */,
				5D2B79671B5000A100E83E2B /* SuperLogger */,
				5D2B79741B5000A200E83E2B /* SuperLoggerTests */,
				5D4049D41B557B8C00DA719D /* SuperLoggerWebServer */,
				5D4049E01B557B8C00DA719D /* SuperLoggerWebServerTests */,
				5D77F9E01B57E9D20013F9A7 /* SuperLoggerConsole */,
				5D77F9EC1B57E9D20013F9A7 /* SuperLoggerConsoleTests */,
				5D77F9FC1B57E9DF0013F9A7 /* SuperLoggerFile */,
				5D77FA081B57E9DF0013F9A7 /* SuperLoggerFileTests */,
				5D77FA251B57F8630013F9A7 /* SuperLoggerCoreData */,
				5D77FA311B57F8630013F9A7 /* SuperLoggerCoreDataTests */,
				5DACEFC61B8E0747004E74B9 /* SuperLoggerASL */,
				5DACEFD41B8E0747004E74B9 /* SuperLoggerASLTests */,
				5D2B79661B5000A100E83E2B /* Products */,
			);
			sourceTree = "<group>";
		};
		5D2B79661B5000A100E83E2B /* Products */ = {
			isa = PBXGroup;
			children = (
				5D2B79651B5000A100E83E2B /* SuperLogger.framework */,
				5D2B79701B5000A200E83E2B /* SuperLoggerTests.xctest */,
				5D4049D31B557B8C00DA719D /* SuperLoggerWebServer.framework */,
				5D4049DC1B557B8C00DA719D /* SuperLoggerWebServerTests.xctest */,
				5D77F9DF1B57E9D20013F9A7 /* SuperLoggerConsole.framework */,
				5D77F9E81B57E9D20013F9A7 /* SuperLoggerConsoleTests.xctest */,
				5D77F9FB1B57E9DF0013F9A7 /* SuperLoggerFile.framework */,
				5D77FA041B57E9DF0013F9A7 /* SuperLoggerFileTests.xctest */,
				5D77FA241B57F8630013F9A7 /* SuperLoggerCoreData.framework */,
				5D77FA2D1B57F8630013F9A7 /* SuperLoggerCoreDataTests.xctest */,
				5D0149791B62CB11005142B2 /* SuperLoggerTestApp.app */,
				5D0149941B62CB11005142B2 /* SuperLoggerTestAppTests.xctest */,
				5D01499F1B62CB11005142B2 /* SuperLoggerTestAppUITests.xctest */,
				5DACEFC51B8E0747004E74B9 /* SuperLoggerASL.framework */,
				5DACEFCE1B8E0747004E74B9 /* SuperLoggerASLTests.xctest */,
			);
			name = Products;
			sourceTree = "<group>";
		};
		5D2B79671B5000A100E83E2B /* SuperLogger */ = {
			isa = PBXGroup;
			children = (
				5DB55A781B53F7A8009E2C2E /* Filters */,
				5DB55A711B505FA1009E2C2E /* Logs */,
				5D9F9A0C1B50154B0069DC65 /* Loggers */,
				5DB55A751B5061E9009E2C2E /* Modules */,
				5D9F9A061B5000FF0069DC65 /* SLLoggerController.h */,
				5D9F9A071B5000FF0069DC65 /* SLLoggerController.m */,
				5DB55A771B5062C7009E2C2E /* SLGlobals.h */,
				5D0367FB1B6FE2C8001C0C46 /* SLGlobals.m */,
				5D2B796A1B5000A100E83E2B /* SuperLogger.h */,
				5D0149731B614442005142B2 /* SLLogMacros.h */,
				5D2B79681B5000A100E83E2B /* Supporting Files */,
			);
			path = SuperLogger;
			sourceTree = "<group>";
		};
		5D2B79681B5000A100E83E2B /* Supporting Files */ = {
			isa = PBXGroup;
			children = (
				5D2B79691B5000A100E83E2B /* Info.plist */,
			);
			name = "Supporting Files";
			sourceTree = "<group>";
		};
		5D2B79741B5000A200E83E2B /* SuperLoggerTests */ = {
			isa = PBXGroup;
			children = (
				5D0149AF1B67D4A9005142B2 /* SLLoggerControllerTests.m */,
				5DB55FF51B6A683800BC8B87 /* SLLogMacrosTests.m */,
				5DB55FF31B6A5F4400BC8B87 /* SLLogTests.m */,
				5D0367FD1B6FE44D001C0C46 /* SLFileModuleTests.m */,
				5D2B79751B5000A200E83E2B /* Supporting Files */,
			);
			path = SuperLoggerTests;
			sourceTree = "<group>";
		};
		5D2B79751B5000A200E83E2B /* Supporting Files */ = {
			isa = PBXGroup;
			children = (
				5D2B79761B5000A200E83E2B /* Info.plist */,
			);
			name = "Supporting Files";
			sourceTree = "<group>";
		};
		5D3A189B1B68103C00139385 /* Libraries */ = {
			isa = PBXGroup;
			children = (
				5DB55FF71B6A6F8400BC8B87 /* Expecta.framework */,
				5DB55FF81B6A6F8400BC8B87 /* Specta.framework */,
				5D3A18AD1B68104F00139385 /* OCMock */,
			);
			name = Libraries;
			sourceTree = "<group>";
		};
		5D3A189C1B68104C00139385 /* Headers */ = {
			isa = PBXGroup;
			children = (
				5D3A189D1B68104C00139385 /* NSNotificationCenter+OCMAdditions.h */,
				5D3A189E1B68104C00139385 /* OCMArg.h */,
				5D3A189F1B68104C00139385 /* OCMConstraint.h */,
				5D3A18A01B68104C00139385 /* OCMLocation.h */,
				5D3A18A11B68104C00139385 /* OCMMacroState.h */,
				5D3A18A21B68104C00139385 /* OCMock.h */,
				5D3A18A31B68104C00139385 /* OCMockObject.h */,
				5D3A18A41B68104C00139385 /* OCMRecorder.h */,
				5D3A18A51B68104C00139385 /* OCMStubRecorder.h */,
			);
			name = Headers;
			path = Libs/OCMock;
			sourceTree = "<group>";
		};
		5D3A18AD1B68104F00139385 /* OCMock */ = {
			isa = PBXGroup;
			children = (
				5D3A189C1B68104C00139385 /* Headers */,
				5D3A18A61B68104C00139385 /* libOCMock.a */,
			);
			name = OCMock;
			sourceTree = "<group>";
		};
		5D4049D41B557B8C00DA719D /* SuperLoggerWebServer */ = {
			isa = PBXGroup;
			children = (
				5D4049D51B557B8C00DA719D /* SuperLoggerWebServer.h */,
				5D4049D71B557B8C00DA719D /* Info.plist */,
			);
			name = SuperLoggerWebServer;
			path = "SuperLogger-WebServer";
			sourceTree = "<group>";
		};
		5D4049E01B557B8C00DA719D /* SuperLoggerWebServerTests */ = {
			isa = PBXGroup;
			children = (
				5D4049E11B557B8C00DA719D /* SuperLoggerWebServerTests.m */,
				5D4049E31B557B8C00DA719D /* Info.plist */,
			);
			name = SuperLoggerWebServerTests;
			path = "SuperLogger-WebServerTests";
			sourceTree = "<group>";
		};
		5D77F9E01B57E9D20013F9A7 /* SuperLoggerConsole */ = {
			isa = PBXGroup;
			children = (
				5D77FA171B57EA450013F9A7 /* SLConsoleLogger.h */,
				5D77FA181B57EA450013F9A7 /* SLConsoleLogger.m */,
				5D77F9E11B57E9D20013F9A7 /* SuperLoggerConsole.h */,
				5D77F9E31B57E9D20013F9A7 /* Info.plist */,
			);
			name = SuperLoggerConsole;
			path = "SuperLogger-Console";
			sourceTree = "<group>";
		};
		5D77F9EC1B57E9D20013F9A7 /* SuperLoggerConsoleTests */ = {
			isa = PBXGroup;
			children = (
				5D77F9ED1B57E9D20013F9A7 /* SuperLoggerConsoleTests.m */,
				5D77F9EF1B57E9D20013F9A7 /* Info.plist */,
			);
			name = SuperLoggerConsoleTests;
			path = "SuperLogger-ConsoleTests";
			sourceTree = "<group>";
		};
		5D77F9FC1B57E9DF0013F9A7 /* SuperLoggerFile */ = {
			isa = PBXGroup;
			children = (
				5D77FA1B1B57EA5B0013F9A7 /* SLFileLogger.h */,
				5D77FA1C1B57EA5B0013F9A7 /* SLFileLogger.m */,
				5D77F9FD1B57E9DF0013F9A7 /* SuperLoggerFile.h */,
				5D77F9FF1B57E9DF0013F9A7 /* Info.plist */,
			);
			name = SuperLoggerFile;
			path = "SuperLogger-File";
			sourceTree = "<group>";
		};
		5D77FA081B57E9DF0013F9A7 /* SuperLoggerFileTests */ = {
			isa = PBXGroup;
			children = (
				5D77FA091B57E9DF0013F9A7 /* SuperLoggerFileTests.m */,
				5D77FA0B1B57E9DF0013F9A7 /* Info.plist */,
			);
			name = SuperLoggerFileTests;
			path = "SuperLogger-FileTests";
			sourceTree = "<group>";
		};
		5D77FA251B57F8630013F9A7 /* SuperLoggerCoreData */ = {
			isa = PBXGroup;
			children = (
				5D77FA261B57F8630013F9A7 /* SuperLoggerCoreData.h */,
				5D77FA281B57F8630013F9A7 /* Info.plist */,
			);
			name = SuperLoggerCoreData;
			path = "SuperLogger-CoreData";
			sourceTree = "<group>";
		};
		5D77FA311B57F8630013F9A7 /* SuperLoggerCoreDataTests */ = {
			isa = PBXGroup;
			children = (
				5D77FA321B57F8630013F9A7 /* SuperLoggerCoreDataTests.m */,
				5D77FA341B57F8630013F9A7 /* Info.plist */,
			);
			name = SuperLoggerCoreDataTests;
			path = "SuperLogger-CoreDataTests";
			sourceTree = "<group>";
		};
		5D9F9A0C1B50154B0069DC65 /* Loggers */ = {
			isa = PBXGroup;
			children = (
				5D9F9A0A1B5002180069DC65 /* SLLogger.h */,
				5D77FA411B5D40710013F9A7 /* SLLogSearch.h */,
			);
			name = Loggers;
			sourceTree = "<group>";
		};
		5DACEFC61B8E0747004E74B9 /* SuperLoggerASL */ = {
			isa = PBXGroup;
			children = (
				5DACEFC71B8E0747004E74B9 /* SuperLoggerASL.h */,
				5DACEFC91B8E0747004E74B9 /* Info.plist */,
			);
			path = SuperLoggerASL;
			sourceTree = "<group>";
		};
		5DACEFD41B8E0747004E74B9 /* SuperLoggerASLTests */ = {
			isa = PBXGroup;
			children = (
				5DACEFD51B8E0747004E74B9 /* SuperLoggerASLTests.m */,
				5DACEFD71B8E0747004E74B9 /* Info.plist */,
			);
			path = SuperLoggerASLTests;
			sourceTree = "<group>";
		};
		5DB55A711B505FA1009E2C2E /* Logs */ = {
			isa = PBXGroup;
			children = (
				5DB55A6D1B504FA8009E2C2E /* SLLog.h */,
				5DB55A6E1B504FA8009E2C2E /* SLLog.m */,
			);
			name = Logs;
			sourceTree = "<group>";
		};
		5DB55A751B5061E9009E2C2E /* Modules */ = {
			isa = PBXGroup;
			children = (
				5DF4E7E21B5040D30073B6CB /* SLFileModule.h */,
				5DF4E7E31B5040D30073B6CB /* SLFileModule.m */,
			);
			name = Modules;
			sourceTree = "<group>";
		};
		5DB55A781B53F7A8009E2C2E /* Filters */ = {
			isa = PBXGroup;
			children = (
				5DB55A791B53F801009E2C2E /* SLFilter.h */,
				5DB55A7A1B53F801009E2C2E /* SLFilter.m */,
			);
			name = Filters;
			sourceTree = "<group>";
		};
/* End PBXGroup section */

/* Begin PBXHeadersBuildPhase section */
		5D2B79621B5000A100E83E2B /* Headers */ = {
			isa = PBXHeadersBuildPhase;
			buildActionMask = 2147483647;
			files = (
				5D9F9A081B5000FF0069DC65 /* SLLoggerController.h in Headers */,
				5DF4E7E41B5040D30073B6CB /* SLFileModule.h in Headers */,
				5D77FA421B5D40710013F9A7 /* SLLogSearch.h in Headers */,
				5D77FA3C1B5842B70013F9A7 /* SLGlobals.h in Headers */,
				5DB55A6F1B504FA8009E2C2E /* SLLog.h in Headers */,
				5D2B796B1B5000A100E83E2B /* SuperLogger.h in Headers */,
				5DB55A7B1B53F801009E2C2E /* SLFilter.h in Headers */,
				5D9F9A0B1B5002180069DC65 /* SLLogger.h in Headers */,
				5D0149741B614442005142B2 /* SLLogMacros.h in Headers */,
			);
			runOnlyForDeploymentPostprocessing = 0;
		};
		5D4049D01B557B8C00DA719D /* Headers */ = {
			isa = PBXHeadersBuildPhase;
			buildActionMask = 2147483647;
			files = (
				5D4049D61B557B8C00DA719D /* SuperLoggerWebServer.h in Headers */,
			);
			runOnlyForDeploymentPostprocessing = 0;
		};
		5D77F9DC1B57E9D20013F9A7 /* Headers */ = {
			isa = PBXHeadersBuildPhase;
			buildActionMask = 2147483647;
			files = (
				5D77FA191B57EA450013F9A7 /* SLConsoleLogger.h in Headers */,
				5D77F9E21B57E9D20013F9A7 /* SuperLoggerConsole.h in Headers */,
			);
			runOnlyForDeploymentPostprocessing = 0;
		};
		5D77F9F81B57E9DF0013F9A7 /* Headers */ = {
			isa = PBXHeadersBuildPhase;
			buildActionMask = 2147483647;
			files = (
				5D372D7F1B8CB4EA00BCDE0E /* SuperLoggerFile.h in Headers */,
				5D77FA1D1B57EA5B0013F9A7 /* SLFileLogger.h in Headers */,
			);
			runOnlyForDeploymentPostprocessing = 0;
		};
		5D77FA211B57F8630013F9A7 /* Headers */ = {
			isa = PBXHeadersBuildPhase;
			buildActionMask = 2147483647;
			files = (
				5D372D801B8CB50600BCDE0E /* SuperLoggerCoreData.h in Headers */,
			);
			runOnlyForDeploymentPostprocessing = 0;
		};
		5DACEFC21B8E0747004E74B9 /* Headers */ = {
			isa = PBXHeadersBuildPhase;
			buildActionMask = 2147483647;
			files = (
				5DACEFC81B8E0747004E74B9 /* SuperLoggerASL.h in Headers */,
			);
			runOnlyForDeploymentPostprocessing = 0;
		};
/* End PBXHeadersBuildPhase section */

/* Begin PBXNativeTarget section */
		5D0149781B62CB11005142B2 /* SuperLoggerTestApp */ = {
			isa = PBXNativeTarget;
			buildConfigurationList = 5D0149A61B62CB11005142B2 /* Build configuration list for PBXNativeTarget "SuperLoggerTestApp" */;
			buildPhases = (
				5D0149751B62CB11005142B2 /* Sources */,
				5D0149761B62CB11005142B2 /* Frameworks */,
				5D0149771B62CB11005142B2 /* Resources */,
				5DACEFBF1B8CBC6E004E74B9 /* Embed Frameworks */,
			);
			buildRules = (
			);
			dependencies = (
				5DACEFBA1B8CBC6D004E74B9 /* PBXTargetDependency */,
				5DACEFBE1B8CBC6D004E74B9 /* PBXTargetDependency */,
				5DACEFD91B8E0747004E74B9 /* PBXTargetDependency */,
			);
			name = SuperLoggerTestApp;
			productName = SuperLoggerTestApp;
			productReference = 5D0149791B62CB11005142B2 /* SuperLoggerTestApp.app */;
			productType = "com.apple.product-type.application";
		};
		5D0149931B62CB11005142B2 /* SuperLoggerTestAppTests */ = {
			isa = PBXNativeTarget;
			buildConfigurationList = 5D0149A91B62CB11005142B2 /* Build configuration list for PBXNativeTarget "SuperLoggerTestAppTests" */;
			buildPhases = (
				5D0149901B62CB11005142B2 /* Sources */,
				5D0149911B62CB11005142B2 /* Frameworks */,
				5D0149921B62CB11005142B2 /* Resources */,
			);
			buildRules = (
			);
			dependencies = (
				5D0149961B62CB11005142B2 /* PBXTargetDependency */,
			);
			name = SuperLoggerTestAppTests;
			productName = SuperLoggerTestAppTests;
			productReference = 5D0149941B62CB11005142B2 /* SuperLoggerTestAppTests.xctest */;
			productType = "com.apple.product-type.bundle.unit-test";
		};
		5D01499E1B62CB11005142B2 /* SuperLoggerTestAppUITests */ = {
			isa = PBXNativeTarget;
			buildConfigurationList = 5D0149AC1B62CB11005142B2 /* Build configuration list for PBXNativeTarget "SuperLoggerTestAppUITests" */;
			buildPhases = (
				5D01499B1B62CB11005142B2 /* Sources */,
				5D01499C1B62CB11005142B2 /* Frameworks */,
				5D01499D1B62CB11005142B2 /* Resources */,
			);
			buildRules = (
			);
			dependencies = (
				5D0149A11B62CB11005142B2 /* PBXTargetDependency */,
			);
			name = SuperLoggerTestAppUITests;
			productName = SuperLoggerTestAppUITests;
			productReference = 5D01499F1B62CB11005142B2 /* SuperLoggerTestAppUITests.xctest */;
			productType = "com.apple.product-type.bundle.ui-testing";
		};
		5D2B79641B5000A100E83E2B /* SuperLogger */ = {
			isa = PBXNativeTarget;
			buildConfigurationList = 5D2B797B1B5000A200E83E2B /* Build configuration list for PBXNativeTarget "SuperLogger" */;
			buildPhases = (
				5D2B79601B5000A100E83E2B /* Sources */,
				5D2B79611B5000A100E83E2B /* Frameworks */,
				5D2B79621B5000A100E83E2B /* Headers */,
				5D2B79631B5000A100E83E2B /* Resources */,
			);
			buildRules = (
			);
			dependencies = (
			);
			name = SuperLogger;
			productName = SuperLogger;
			productReference = 5D2B79651B5000A100E83E2B /* SuperLogger.framework */;
			productType = "com.apple.product-type.framework";
		};
		5D2B796F1B5000A200E83E2B /* SuperLoggerTests */ = {
			isa = PBXNativeTarget;
			buildConfigurationList = 5D2B797E1B5000A200E83E2B /* Build configuration list for PBXNativeTarget "SuperLoggerTests" */;
			buildPhases = (
				5D2B796C1B5000A200E83E2B /* Sources */,
				5D2B796D1B5000A200E83E2B /* Frameworks */,
				5D2B796E1B5000A200E83E2B /* Resources */,
				5DB55FFD1B6A70E600BC8B87 /* ShellScript */,
			);
			buildRules = (
			);
			dependencies = (
				5D2B79731B5000A200E83E2B /* PBXTargetDependency */,
			);
			name = SuperLoggerTests;
			productName = SuperLoggerTests;
			productReference = 5D2B79701B5000A200E83E2B /* SuperLoggerTests.xctest */;
			productType = "com.apple.product-type.bundle.unit-test";
		};
		5D4049D21B557B8C00DA719D /* SuperLoggerWebServer */ = {
			isa = PBXNativeTarget;
			buildConfigurationList = 5D4049E81B557B8C00DA719D /* Build configuration list for PBXNativeTarget "SuperLoggerWebServer" */;
			buildPhases = (
				5D4049CE1B557B8C00DA719D /* Sources */,
				5D4049CF1B557B8C00DA719D /* Frameworks */,
				5D4049D01B557B8C00DA719D /* Headers */,
				5D4049D11B557B8C00DA719D /* Resources */,
			);
			buildRules = (
			);
			dependencies = (
			);
			name = SuperLoggerWebServer;
			productName = "SuperLogger-WebServer";
			productReference = 5D4049D31B557B8C00DA719D /* SuperLoggerWebServer.framework */;
			productType = "com.apple.product-type.framework";
		};
		5D4049DB1B557B8C00DA719D /* SuperLoggerWebServerTests */ = {
			isa = PBXNativeTarget;
			buildConfigurationList = 5D4049E91B557B8C00DA719D /* Build configuration list for PBXNativeTarget "SuperLoggerWebServerTests" */;
			buildPhases = (
				5D4049D81B557B8C00DA719D /* Sources */,
				5D4049D91B557B8C00DA719D /* Frameworks */,
				5D4049DA1B557B8C00DA719D /* Resources */,
			);
			buildRules = (
			);
			dependencies = (
				5D4049DF1B557B8C00DA719D /* PBXTargetDependency */,
			);
			name = SuperLoggerWebServerTests;
			productName = "SuperLogger-WebServerTests";
			productReference = 5D4049DC1B557B8C00DA719D /* SuperLoggerWebServerTests.xctest */;
			productType = "com.apple.product-type.bundle.unit-test";
		};
		5D77F9DE1B57E9D20013F9A7 /* SuperLoggerConsole */ = {
			isa = PBXNativeTarget;
			buildConfigurationList = 5D77F9F41B57E9D20013F9A7 /* Build configuration list for PBXNativeTarget "SuperLoggerConsole" */;
			buildPhases = (
				5D77F9DA1B57E9D20013F9A7 /* Sources */,
				5D77F9DB1B57E9D20013F9A7 /* Frameworks */,
				5D77F9DC1B57E9D20013F9A7 /* Headers */,
				5D77F9DD1B57E9D20013F9A7 /* Resources */,
			);
			buildRules = (
			);
			dependencies = (
			);
			name = SuperLoggerConsole;
			productName = "SuperLogger-Console";
			productReference = 5D77F9DF1B57E9D20013F9A7 /* SuperLoggerConsole.framework */;
			productType = "com.apple.product-type.framework";
		};
		5D77F9E71B57E9D20013F9A7 /* SuperLoggerConsoleTests */ = {
			isa = PBXNativeTarget;
			buildConfigurationList = 5D77F9F51B57E9D20013F9A7 /* Build configuration list for PBXNativeTarget "SuperLoggerConsoleTests" */;
			buildPhases = (
				5D77F9E41B57E9D20013F9A7 /* Sources */,
				5D77F9E51B57E9D20013F9A7 /* Frameworks */,
				5D77F9E61B57E9D20013F9A7 /* Resources */,
			);
			buildRules = (
			);
			dependencies = (
				5D77F9EB1B57E9D20013F9A7 /* PBXTargetDependency */,
			);
			name = SuperLoggerConsoleTests;
			productName = "SuperLogger-ConsoleTests";
			productReference = 5D77F9E81B57E9D20013F9A7 /* SuperLoggerConsoleTests.xctest */;
			productType = "com.apple.product-type.bundle.unit-test";
		};
		5D77F9FA1B57E9DF0013F9A7 /* SuperLoggerFile */ = {
			isa = PBXNativeTarget;
			buildConfigurationList = 5D77FA0C1B57E9DF0013F9A7 /* Build configuration list for PBXNativeTarget "SuperLoggerFile" */;
			buildPhases = (
				5D77F9F61B57E9DF0013F9A7 /* Sources */,
				5D77F9F71B57E9DF0013F9A7 /* Frameworks */,
				5D77F9F81B57E9DF0013F9A7 /* Headers */,
				5D77F9F91B57E9DF0013F9A7 /* Resources */,
			);
			buildRules = (
			);
			dependencies = (
			);
			name = SuperLoggerFile;
			productName = "SuperLogger-File";
			productReference = 5D77F9FB1B57E9DF0013F9A7 /* SuperLoggerFile.framework */;
			productType = "com.apple.product-type.framework";
		};
		5D77FA031B57E9DF0013F9A7 /* SuperLoggerFileTests */ = {
			isa = PBXNativeTarget;
			buildConfigurationList = 5D77FA0F1B57E9DF0013F9A7 /* Build configuration list for PBXNativeTarget "SuperLoggerFileTests" */;
			buildPhases = (
				5D77FA001B57E9DF0013F9A7 /* Sources */,
				5D77FA011B57E9DF0013F9A7 /* Frameworks */,
				5D77FA021B57E9DF0013F9A7 /* Resources */,
			);
			buildRules = (
			);
			dependencies = (
				5D77FA071B57E9DF0013F9A7 /* PBXTargetDependency */,
			);
			name = SuperLoggerFileTests;
			productName = "SuperLogger-FileTests";
			productReference = 5D77FA041B57E9DF0013F9A7 /* SuperLoggerFileTests.xctest */;
			productType = "com.apple.product-type.bundle.unit-test";
		};
		5D77FA231B57F8630013F9A7 /* SuperLoggerCoreData */ = {
			isa = PBXNativeTarget;
			buildConfigurationList = 5D77FA351B57F8630013F9A7 /* Build configuration list for PBXNativeTarget "SuperLoggerCoreData" */;
			buildPhases = (
				5D77FA1F1B57F8630013F9A7 /* Sources */,
				5D77FA201B57F8630013F9A7 /* Frameworks */,
				5D77FA211B57F8630013F9A7 /* Headers */,
				5D77FA221B57F8630013F9A7 /* Resources */,
			);
			buildRules = (
			);
			dependencies = (
			);
			name = SuperLoggerCoreData;
			productName = "SuperLogger-CoreData";
			productReference = 5D77FA241B57F8630013F9A7 /* SuperLoggerCoreData.framework */;
			productType = "com.apple.product-type.framework";
		};
		5D77FA2C1B57F8630013F9A7 /* SuperLoggerCoreDataTests */ = {
			isa = PBXNativeTarget;
			buildConfigurationList = 5D77FA381B57F8630013F9A7 /* Build configuration list for PBXNativeTarget "SuperLoggerCoreDataTests" */;
			buildPhases = (
				5D77FA291B57F8630013F9A7 /* Sources */,
				5D77FA2A1B57F8630013F9A7 /* Frameworks */,
				5D77FA2B1B57F8630013F9A7 /* Resources */,
			);
			buildRules = (
			);
			dependencies = (
				5D77FA301B57F8630013F9A7 /* PBXTargetDependency */,
			);
			name = SuperLoggerCoreDataTests;
			productName = "SuperLogger-CoreDataTests";
			productReference = 5D77FA2D1B57F8630013F9A7 /* SuperLoggerCoreDataTests.xctest */;
			productType = "com.apple.product-type.bundle.unit-test";
		};
		5DACEFC41B8E0747004E74B9 /* SuperLoggerASL */ = {
			isa = PBXNativeTarget;
			buildConfigurationList = 5DACEFDC1B8E0747004E74B9 /* Build configuration list for PBXNativeTarget "SuperLoggerASL" */;
			buildPhases = (
				5DACEFC01B8E0747004E74B9 /* Sources */,
				5DACEFC11B8E0747004E74B9 /* Frameworks */,
				5DACEFC21B8E0747004E74B9 /* Headers */,
				5DACEFC31B8E0747004E74B9 /* Resources */,
			);
			buildRules = (
			);
			dependencies = (
			);
			name = SuperLoggerASL;
			productName = SuperLoggerASL;
			productReference = 5DACEFC51B8E0747004E74B9 /* SuperLoggerASL.framework */;
			productType = "com.apple.product-type.framework";
		};
		5DACEFCD1B8E0747004E74B9 /* SuperLoggerASLTests */ = {
			isa = PBXNativeTarget;
			buildConfigurationList = 5DACEFDF1B8E0747004E74B9 /* Build configuration list for PBXNativeTarget "SuperLoggerASLTests" */;
			buildPhases = (
				5DACEFCA1B8E0747004E74B9 /* Sources */,
				5DACEFCB1B8E0747004E74B9 /* Frameworks */,
				5DACEFCC1B8E0747004E74B9 /* Resources */,
			);
			buildRules = (
			);
			dependencies = (
				5DACEFD11B8E0747004E74B9 /* PBXTargetDependency */,
				5DACEFD31B8E0747004E74B9 /* PBXTargetDependency */,
			);
			name = SuperLoggerASLTests;
			productName = SuperLoggerASLTests;
			productReference = 5DACEFCE1B8E0747004E74B9 /* SuperLoggerASLTests.xctest */;
			productType = "com.apple.product-type.bundle.unit-test";
		};
/* End PBXNativeTarget section */

/* Begin PBXProject section */
		5D2B795C1B5000A100E83E2B /* Project object */ = {
			isa = PBXProject;
			attributes = {
				LastUpgradeCheck = 0700;
				ORGANIZATIONNAME = livio;
				TargetAttributes = {
					5D0149781B62CB11005142B2 = {
						CreatedOnToolsVersion = 7.0;
					};
					5D0149931B62CB11005142B2 = {
						CreatedOnToolsVersion = 7.0;
						TestTargetID = 5D0149781B62CB11005142B2;
					};
					5D01499E1B62CB11005142B2 = {
						CreatedOnToolsVersion = 7.0;
						TestTargetID = 5D0149781B62CB11005142B2;
					};
					5D2B79641B5000A100E83E2B = {
						CreatedOnToolsVersion = 6.4;
					};
					5D2B796F1B5000A200E83E2B = {
						CreatedOnToolsVersion = 6.4;
					};
					5D4049D21B557B8C00DA719D = {
						CreatedOnToolsVersion = 7.0;
					};
					5D4049DB1B557B8C00DA719D = {
						CreatedOnToolsVersion = 7.0;
					};
					5D77F9DE1B57E9D20013F9A7 = {
						CreatedOnToolsVersion = 7.0;
					};
					5D77F9E71B57E9D20013F9A7 = {
						CreatedOnToolsVersion = 7.0;
					};
					5D77F9FA1B57E9DF0013F9A7 = {
						CreatedOnToolsVersion = 7.0;
					};
					5D77FA031B57E9DF0013F9A7 = {
						CreatedOnToolsVersion = 7.0;
					};
					5D77FA231B57F8630013F9A7 = {
						CreatedOnToolsVersion = 7.0;
					};
					5D77FA2C1B57F8630013F9A7 = {
						CreatedOnToolsVersion = 7.0;
					};
					5DACEFC41B8E0747004E74B9 = {
						CreatedOnToolsVersion = 7.0;
					};
					5DACEFCD1B8E0747004E74B9 = {
						CreatedOnToolsVersion = 7.0;
						TestTargetID = 5D0149781B62CB11005142B2;
					};
				};
			};
			buildConfigurationList = 5D2B795F1B5000A100E83E2B /* Build configuration list for PBXProject "SuperLogger" */;
			compatibilityVersion = "Xcode 3.2";
			developmentRegion = English;
			hasScannedForEncodings = 0;
			knownRegions = (
				en,
				Base,
			);
			mainGroup = 5D2B795B1B5000A100E83E2B;
			productRefGroup = 5D2B79661B5000A100E83E2B /* Products */;
			projectDirPath = "";
			projectRoot = "";
			targets = (
				5D2B79641B5000A100E83E2B /* SuperLogger */,
				5D2B796F1B5000A200E83E2B /* SuperLoggerTests */,
				5D4049D21B557B8C00DA719D /* SuperLoggerWebServer */,
				5D4049DB1B557B8C00DA719D /* SuperLoggerWebServerTests */,
				5D77F9DE1B57E9D20013F9A7 /* SuperLoggerConsole */,
				5D77F9E71B57E9D20013F9A7 /* SuperLoggerConsoleTests */,
				5D77F9FA1B57E9DF0013F9A7 /* SuperLoggerFile */,
				5D77FA031B57E9DF0013F9A7 /* SuperLoggerFileTests */,
				5D77FA231B57F8630013F9A7 /* SuperLoggerCoreData */,
				5D77FA2C1B57F8630013F9A7 /* SuperLoggerCoreDataTests */,
				5DACEFC41B8E0747004E74B9 /* SuperLoggerASL */,
				5DACEFCD1B8E0747004E74B9 /* SuperLoggerASLTests */,
				5D0149781B62CB11005142B2 /* SuperLoggerTestApp */,
				5D0149931B62CB11005142B2 /* SuperLoggerTestAppTests */,
				5D01499E1B62CB11005142B2 /* SuperLoggerTestAppUITests */,
			);
		};
/* End PBXProject section */

/* Begin PBXResourcesBuildPhase section */
		5D0149771B62CB11005142B2 /* Resources */ = {
			isa = PBXResourcesBuildPhase;
			buildActionMask = 2147483647;
			files = (
				5D01498E1B62CB11005142B2 /* LaunchScreen.storyboard in Resources */,
				5D01498B1B62CB11005142B2 /* Assets.xcassets in Resources */,
				5D0149891B62CB11005142B2 /* Main.storyboard in Resources */,
			);
			runOnlyForDeploymentPostprocessing = 0;
		};
		5D0149921B62CB11005142B2 /* Resources */ = {
			isa = PBXResourcesBuildPhase;
			buildActionMask = 2147483647;
			files = (
			);
			runOnlyForDeploymentPostprocessing = 0;
		};
		5D01499D1B62CB11005142B2 /* Resources */ = {
			isa = PBXResourcesBuildPhase;
			buildActionMask = 2147483647;
			files = (
			);
			runOnlyForDeploymentPostprocessing = 0;
		};
		5D2B79631B5000A100E83E2B /* Resources */ = {
			isa = PBXResourcesBuildPhase;
			buildActionMask = 2147483647;
			files = (
			);
			runOnlyForDeploymentPostprocessing = 0;
		};
		5D2B796E1B5000A200E83E2B /* Resources */ = {
			isa = PBXResourcesBuildPhase;
			buildActionMask = 2147483647;
			files = (
			);
			runOnlyForDeploymentPostprocessing = 0;
		};
		5D4049D11B557B8C00DA719D /* Resources */ = {
			isa = PBXResourcesBuildPhase;
			buildActionMask = 2147483647;
			files = (
			);
			runOnlyForDeploymentPostprocessing = 0;
		};
		5D4049DA1B557B8C00DA719D /* Resources */ = {
			isa = PBXResourcesBuildPhase;
			buildActionMask = 2147483647;
			files = (
			);
			runOnlyForDeploymentPostprocessing = 0;
		};
		5D77F9DD1B57E9D20013F9A7 /* Resources */ = {
			isa = PBXResourcesBuildPhase;
			buildActionMask = 2147483647;
			files = (
			);
			runOnlyForDeploymentPostprocessing = 0;
		};
		5D77F9E61B57E9D20013F9A7 /* Resources */ = {
			isa = PBXResourcesBuildPhase;
			buildActionMask = 2147483647;
			files = (
			);
			runOnlyForDeploymentPostprocessing = 0;
		};
		5D77F9F91B57E9DF0013F9A7 /* Resources */ = {
			isa = PBXResourcesBuildPhase;
			buildActionMask = 2147483647;
			files = (
			);
			runOnlyForDeploymentPostprocessing = 0;
		};
		5D77FA021B57E9DF0013F9A7 /* Resources */ = {
			isa = PBXResourcesBuildPhase;
			buildActionMask = 2147483647;
			files = (
			);
			runOnlyForDeploymentPostprocessing = 0;
		};
		5D77FA221B57F8630013F9A7 /* Resources */ = {
			isa = PBXResourcesBuildPhase;
			buildActionMask = 2147483647;
			files = (
			);
			runOnlyForDeploymentPostprocessing = 0;
		};
		5D77FA2B1B57F8630013F9A7 /* Resources */ = {
			isa = PBXResourcesBuildPhase;
			buildActionMask = 2147483647;
			files = (
			);
			runOnlyForDeploymentPostprocessing = 0;
		};
		5DACEFC31B8E0747004E74B9 /* Resources */ = {
			isa = PBXResourcesBuildPhase;
			buildActionMask = 2147483647;
			files = (
			);
			runOnlyForDeploymentPostprocessing = 0;
		};
		5DACEFCC1B8E0747004E74B9 /* Resources */ = {
			isa = PBXResourcesBuildPhase;
			buildActionMask = 2147483647;
			files = (
			);
			runOnlyForDeploymentPostprocessing = 0;
		};
/* End PBXResourcesBuildPhase section */

/* Begin PBXShellScriptBuildPhase section */
		5DB55FFD1B6A70E600BC8B87 /* ShellScript */ = {
			isa = PBXShellScriptBuildPhase;
			buildActionMask = 2147483647;
			files = (
			);
			inputPaths = (
				"$(SRCROOT)/Carthage/Build/iOS/Specta.framework",
				"$(SRCROOT)/Carthage/Build/iOS/Expecta.framework",
			);
			outputPaths = (
			);
			runOnlyForDeploymentPostprocessing = 0;
			shellPath = /bin/sh;
			shellScript = "/usr/local/bin/carthage copy-frameworks";
		};
/* End PBXShellScriptBuildPhase section */

/* Begin PBXSourcesBuildPhase section */
		5D0149751B62CB11005142B2 /* Sources */ = {
			isa = PBXSourcesBuildPhase;
			buildActionMask = 2147483647;
			files = (
				5D0149801B62CB11005142B2 /* AppDelegate.m in Sources */,
				5D0149831B62CB11005142B2 /* MasterViewController.m in Sources */,
				5D01497D1B62CB11005142B2 /* main.m in Sources */,
				5D0149861B62CB11005142B2 /* DetailViewController.m in Sources */,
			);
			runOnlyForDeploymentPostprocessing = 0;
		};
		5D0149901B62CB11005142B2 /* Sources */ = {
			isa = PBXSourcesBuildPhase;
			buildActionMask = 2147483647;
			files = (
				5D0149991B62CB11005142B2 /* SuperLoggerTestAppTests.m in Sources */,
			);
			runOnlyForDeploymentPostprocessing = 0;
		};
		5D01499B1B62CB11005142B2 /* Sources */ = {
			isa = PBXSourcesBuildPhase;
			buildActionMask = 2147483647;
			files = (
				5D0149A41B62CB11005142B2 /* SuperLoggerTestAppUITests.m in Sources */,
			);
			runOnlyForDeploymentPostprocessing = 0;
		};
		5D2B79601B5000A100E83E2B /* Sources */ = {
			isa = PBXSourcesBuildPhase;
			buildActionMask = 2147483647;
			files = (
				5DF4E7E51B5040D30073B6CB /* SLFileModule.m in Sources */,
				5D9F9A091B5000FF0069DC65 /* SLLoggerController.m in Sources */,
				5D0367FC1B6FE2C8001C0C46 /* SLGlobals.m in Sources */,
				5DB55A701B504FA8009E2C2E /* SLLog.m in Sources */,
				5DB55A7C1B53F801009E2C2E /* SLFilter.m in Sources */,
			);
			runOnlyForDeploymentPostprocessing = 0;
		};
		5D2B796C1B5000A200E83E2B /* Sources */ = {
			isa = PBXSourcesBuildPhase;
			buildActionMask = 2147483647;
			files = (
				5D0367FE1B6FE44D001C0C46 /* SLFileModuleTests.m in Sources */,
				5D0149B01B67D4A9005142B2 /* SLLoggerControllerTests.m in Sources */,
				5DB55FF61B6A683800BC8B87 /* SLLogMacrosTests.m in Sources */,
				5DB55FF41B6A5F4400BC8B87 /* SLLogTests.m in Sources */,
			);
			runOnlyForDeploymentPostprocessing = 0;
		};
		5D4049CE1B557B8C00DA719D /* Sources */ = {
			isa = PBXSourcesBuildPhase;
			buildActionMask = 2147483647;
			files = (
			);
			runOnlyForDeploymentPostprocessing = 0;
		};
		5D4049D81B557B8C00DA719D /* Sources */ = {
			isa = PBXSourcesBuildPhase;
			buildActionMask = 2147483647;
			files = (
				5D4049E21B557B8C00DA719D /* SuperLoggerWebServerTests.m in Sources */,
			);
			runOnlyForDeploymentPostprocessing = 0;
		};
		5D77F9DA1B57E9D20013F9A7 /* Sources */ = {
			isa = PBXSourcesBuildPhase;
			buildActionMask = 2147483647;
			files = (
				5D77FA1A1B57EA450013F9A7 /* SLConsoleLogger.m in Sources */,
			);
			runOnlyForDeploymentPostprocessing = 0;
		};
		5D77F9E41B57E9D20013F9A7 /* Sources */ = {
			isa = PBXSourcesBuildPhase;
			buildActionMask = 2147483647;
			files = (
				5D77F9EE1B57E9D20013F9A7 /* SuperLoggerConsoleTests.m in Sources */,
			);
			runOnlyForDeploymentPostprocessing = 0;
		};
		5D77F9F61B57E9DF0013F9A7 /* Sources */ = {
			isa = PBXSourcesBuildPhase;
			buildActionMask = 2147483647;
			files = (
				5D77FA1E1B57EA5B0013F9A7 /* SLFileLogger.m in Sources */,
			);
			runOnlyForDeploymentPostprocessing = 0;
		};
		5D77FA001B57E9DF0013F9A7 /* Sources */ = {
			isa = PBXSourcesBuildPhase;
			buildActionMask = 2147483647;
			files = (
				5D77FA0A1B57E9DF0013F9A7 /* SuperLoggerFileTests.m in Sources */,
			);
			runOnlyForDeploymentPostprocessing = 0;
		};
		5D77FA1F1B57F8630013F9A7 /* Sources */ = {
			isa = PBXSourcesBuildPhase;
			buildActionMask = 2147483647;
			files = (
			);
			runOnlyForDeploymentPostprocessing = 0;
		};
		5D77FA291B57F8630013F9A7 /* Sources */ = {
			isa = PBXSourcesBuildPhase;
			buildActionMask = 2147483647;
			files = (
				5D77FA331B57F8630013F9A7 /* SuperLoggerCoreDataTests.m in Sources */,
			);
			runOnlyForDeploymentPostprocessing = 0;
		};
		5DACEFC01B8E0747004E74B9 /* Sources */ = {
			isa = PBXSourcesBuildPhase;
			buildActionMask = 2147483647;
			files = (
			);
			runOnlyForDeploymentPostprocessing = 0;
		};
		5DACEFCA1B8E0747004E74B9 /* Sources */ = {
			isa = PBXSourcesBuildPhase;
			buildActionMask = 2147483647;
			files = (
				5DACEFD61B8E0747004E74B9 /* SuperLoggerASLTests.m in Sources */,
			);
			runOnlyForDeploymentPostprocessing = 0;
		};
/* End PBXSourcesBuildPhase section */

/* Begin PBXTargetDependency section */
		5D0149961B62CB11005142B2 /* PBXTargetDependency */ = {
			isa = PBXTargetDependency;
			target = 5D0149781B62CB11005142B2 /* SuperLoggerTestApp */;
			targetProxy = 5D0149951B62CB11005142B2 /* PBXContainerItemProxy */;
		};
		5D0149A11B62CB11005142B2 /* PBXTargetDependency */ = {
			isa = PBXTargetDependency;
			target = 5D0149781B62CB11005142B2 /* SuperLoggerTestApp */;
			targetProxy = 5D0149A01B62CB11005142B2 /* PBXContainerItemProxy */;
		};
		5D2B79731B5000A200E83E2B /* PBXTargetDependency */ = {
			isa = PBXTargetDependency;
			target = 5D2B79641B5000A100E83E2B /* SuperLogger */;
			targetProxy = 5D2B79721B5000A200E83E2B /* PBXContainerItemProxy */;
		};
		5D4049DF1B557B8C00DA719D /* PBXTargetDependency */ = {
			isa = PBXTargetDependency;
			target = 5D4049D21B557B8C00DA719D /* SuperLoggerWebServer */;
			targetProxy = 5D4049DE1B557B8C00DA719D /* PBXContainerItemProxy */;
		};
		5D77F9EB1B57E9D20013F9A7 /* PBXTargetDependency */ = {
			isa = PBXTargetDependency;
			target = 5D77F9DE1B57E9D20013F9A7 /* SuperLoggerConsole */;
			targetProxy = 5D77F9EA1B57E9D20013F9A7 /* PBXContainerItemProxy */;
		};
		5D77FA071B57E9DF0013F9A7 /* PBXTargetDependency */ = {
			isa = PBXTargetDependency;
			target = 5D77F9FA1B57E9DF0013F9A7 /* SuperLoggerFile */;
			targetProxy = 5D77FA061B57E9DF0013F9A7 /* PBXContainerItemProxy */;
		};
		5D77FA301B57F8630013F9A7 /* PBXTargetDependency */ = {
			isa = PBXTargetDependency;
			target = 5D77FA231B57F8630013F9A7 /* SuperLoggerCoreData */;
			targetProxy = 5D77FA2F1B57F8630013F9A7 /* PBXContainerItemProxy */;
		};
		5DACEFBA1B8CBC6D004E74B9 /* PBXTargetDependency */ = {
			isa = PBXTargetDependency;
			target = 5D2B79641B5000A100E83E2B /* SuperLogger */;
			targetProxy = 5DACEFB91B8CBC6D004E74B9 /* PBXContainerItemProxy */;
		};
		5DACEFBE1B8CBC6D004E74B9 /* PBXTargetDependency */ = {
			isa = PBXTargetDependency;
			target = 5D77F9DE1B57E9D20013F9A7 /* SuperLoggerConsole */;
			targetProxy = 5DACEFBD1B8CBC6D004E74B9 /* PBXContainerItemProxy */;
		};
		5DACEFD11B8E0747004E74B9 /* PBXTargetDependency */ = {
			isa = PBXTargetDependency;
			target = 5DACEFC41B8E0747004E74B9 /* SuperLoggerASL */;
			targetProxy = 5DACEFD01B8E0747004E74B9 /* PBXContainerItemProxy */;
		};
		5DACEFD31B8E0747004E74B9 /* PBXTargetDependency */ = {
			isa = PBXTargetDependency;
			target = 5D0149781B62CB11005142B2 /* SuperLoggerTestApp */;
			targetProxy = 5DACEFD21B8E0747004E74B9 /* PBXContainerItemProxy */;
		};
		5DACEFD91B8E0747004E74B9 /* PBXTargetDependency */ = {
			isa = PBXTargetDependency;
			target = 5DACEFC41B8E0747004E74B9 /* SuperLoggerASL */;
			targetProxy = 5DACEFD81B8E0747004E74B9 /* PBXContainerItemProxy */;
		};
/* End PBXTargetDependency section */

/* Begin PBXVariantGroup section */
		5D0149871B62CB11005142B2 /* Main.storyboard */ = {
			isa = PBXVariantGroup;
			children = (
				5D0149881B62CB11005142B2 /* Base */,
			);
			name = Main.storyboard;
			sourceTree = "<group>";
		};
		5D01498C1B62CB11005142B2 /* LaunchScreen.storyboard */ = {
			isa = PBXVariantGroup;
			children = (
				5D01498D1B62CB11005142B2 /* Base */,
			);
			name = LaunchScreen.storyboard;
			sourceTree = "<group>";
		};
/* End PBXVariantGroup section */

/* Begin XCBuildConfiguration section */
		5D0149A71B62CB11005142B2 /* Debug */ = {
			isa = XCBuildConfiguration;
			buildSettings = {
				ASSETCATALOG_COMPILER_APPICON_NAME = AppIcon;
				DEBUG_INFORMATION_FORMAT = dwarf;
				INFOPLIST_FILE = SuperLoggerTestApp/Info.plist;
				IPHONEOS_DEPLOYMENT_TARGET = 8.0;
				LD_RUNPATH_SEARCH_PATHS = "$(inherited) @executable_path/Frameworks";
				PRODUCT_BUNDLE_IDENTIFIER = com.livio.SuperLoggerTestApp;
				PRODUCT_NAME = "$(TARGET_NAME)";
			};
			name = Debug;
		};
		5D0149A81B62CB11005142B2 /* Release */ = {
			isa = XCBuildConfiguration;
			buildSettings = {
				ASSETCATALOG_COMPILER_APPICON_NAME = AppIcon;
				INFOPLIST_FILE = SuperLoggerTestApp/Info.plist;
				IPHONEOS_DEPLOYMENT_TARGET = 8.0;
				LD_RUNPATH_SEARCH_PATHS = "$(inherited) @executable_path/Frameworks";
				PRODUCT_BUNDLE_IDENTIFIER = com.livio.SuperLoggerTestApp;
				PRODUCT_NAME = "$(TARGET_NAME)";
			};
			name = Release;
		};
		5D0149AA1B62CB11005142B2 /* Debug */ = {
			isa = XCBuildConfiguration;
			buildSettings = {
				BUNDLE_LOADER = "$(TEST_HOST)";
				DEBUG_INFORMATION_FORMAT = dwarf;
				FRAMEWORK_SEARCH_PATHS = (
					"$(inherited)",
					"$(PROJECT_DIR)/Carthage/Build/iOS",
				);
				INFOPLIST_FILE = SuperLoggerTestAppTests/Info.plist;
				IPHONEOS_DEPLOYMENT_TARGET = 9.0;
				LD_RUNPATH_SEARCH_PATHS = "$(inherited) @executable_path/Frameworks @loader_path/Frameworks";
				LIBRARY_SEARCH_PATHS = (
					"$(inherited)",
					"$(PROJECT_DIR)/Libs",
				);
				PRODUCT_BUNDLE_IDENTIFIER = com.livio.SuperLoggerTestAppTests;
				PRODUCT_NAME = "$(TARGET_NAME)";
				TEST_HOST = "$(BUILT_PRODUCTS_DIR)/SuperLoggerTestApp.app/SuperLoggerTestApp";
			};
			name = Debug;
		};
		5D0149AB1B62CB11005142B2 /* Release */ = {
			isa = XCBuildConfiguration;
			buildSettings = {
				BUNDLE_LOADER = "$(TEST_HOST)";
				FRAMEWORK_SEARCH_PATHS = (
					"$(inherited)",
					"$(PROJECT_DIR)/Carthage/Build/iOS",
				);
				INFOPLIST_FILE = SuperLoggerTestAppTests/Info.plist;
				IPHONEOS_DEPLOYMENT_TARGET = 9.0;
				LD_RUNPATH_SEARCH_PATHS = "$(inherited) @executable_path/Frameworks @loader_path/Frameworks";
				LIBRARY_SEARCH_PATHS = (
					"$(inherited)",
					"$(PROJECT_DIR)/Libs",
				);
				PRODUCT_BUNDLE_IDENTIFIER = com.livio.SuperLoggerTestAppTests;
				PRODUCT_NAME = "$(TARGET_NAME)";
				TEST_HOST = "$(BUILT_PRODUCTS_DIR)/SuperLoggerTestApp.app/SuperLoggerTestApp";
			};
			name = Release;
		};
		5D0149AD1B62CB11005142B2 /* Debug */ = {
			isa = XCBuildConfiguration;
			buildSettings = {
				DEBUG_INFORMATION_FORMAT = dwarf;
				INFOPLIST_FILE = SuperLoggerTestAppUITests/Info.plist;
				IPHONEOS_DEPLOYMENT_TARGET = 9.0;
				LD_RUNPATH_SEARCH_PATHS = "$(inherited) @executable_path/Frameworks @loader_path/Frameworks";
				PRODUCT_BUNDLE_IDENTIFIER = com.livio.SuperLoggerTestAppUITests;
				PRODUCT_NAME = "$(TARGET_NAME)";
				TEST_TARGET_NAME = SuperLoggerTestApp;
				USES_XCTRUNNER = YES;
			};
			name = Debug;
		};
		5D0149AE1B62CB11005142B2 /* Release */ = {
			isa = XCBuildConfiguration;
			buildSettings = {
				INFOPLIST_FILE = SuperLoggerTestAppUITests/Info.plist;
				IPHONEOS_DEPLOYMENT_TARGET = 9.0;
				LD_RUNPATH_SEARCH_PATHS = "$(inherited) @executable_path/Frameworks @loader_path/Frameworks";
				PRODUCT_BUNDLE_IDENTIFIER = com.livio.SuperLoggerTestAppUITests;
				PRODUCT_NAME = "$(TARGET_NAME)";
				TEST_TARGET_NAME = SuperLoggerTestApp;
				USES_XCTRUNNER = YES;
			};
			name = Release;
		};
		5D2B79791B5000A200E83E2B /* Debug */ = {
			isa = XCBuildConfiguration;
			buildSettings = {
				ALWAYS_SEARCH_USER_PATHS = NO;
				CLANG_CXX_LANGUAGE_STANDARD = "gnu++0x";
				CLANG_CXX_LIBRARY = "libc++";
				CLANG_ENABLE_MODULES = YES;
				CLANG_ENABLE_OBJC_ARC = YES;
				CLANG_WARN_BOOL_CONVERSION = YES;
				CLANG_WARN_CONSTANT_CONVERSION = YES;
				CLANG_WARN_DIRECT_OBJC_ISA_USAGE = YES_ERROR;
				CLANG_WARN_EMPTY_BODY = YES;
				CLANG_WARN_ENUM_CONVERSION = YES;
				CLANG_WARN_INT_CONVERSION = YES;
				CLANG_WARN_OBJC_ROOT_CLASS = YES_ERROR;
				CLANG_WARN_UNREACHABLE_CODE = YES;
				CLANG_WARN__DUPLICATE_METHOD_MATCH = YES;
				"CODE_SIGN_IDENTITY[sdk=iphoneos*]" = "iPhone Developer";
				COPY_PHASE_STRIP = NO;
				CURRENT_PROJECT_VERSION = 1;
				DEBUG_INFORMATION_FORMAT = "dwarf-with-dsym";
				ENABLE_STRICT_OBJC_MSGSEND = YES;
				ENABLE_TESTABILITY = YES;
				GCC_C_LANGUAGE_STANDARD = gnu99;
				GCC_DYNAMIC_NO_PIC = NO;
				GCC_NO_COMMON_BLOCKS = YES;
				GCC_OPTIMIZATION_LEVEL = 0;
				GCC_PREPROCESSOR_DEFINITIONS = (
					"DEBUG=1",
					"$(inherited)",
				);
				GCC_SYMBOLS_PRIVATE_EXTERN = NO;
				GCC_WARN_64_TO_32_BIT_CONVERSION = YES;
				GCC_WARN_ABOUT_RETURN_TYPE = YES_ERROR;
				GCC_WARN_UNDECLARED_SELECTOR = YES;
				GCC_WARN_UNINITIALIZED_AUTOS = YES_AGGRESSIVE;
				GCC_WARN_UNUSED_FUNCTION = YES;
				GCC_WARN_UNUSED_VARIABLE = YES;
				IPHONEOS_DEPLOYMENT_TARGET = 8.4;
				MTL_ENABLE_DEBUG_INFO = YES;
				ONLY_ACTIVE_ARCH = YES;
				SDKROOT = iphoneos;
				TARGETED_DEVICE_FAMILY = "1,2";
				VERSIONING_SYSTEM = "apple-generic";
				VERSION_INFO_PREFIX = "";
			};
			name = Debug;
		};
		5D2B797A1B5000A200E83E2B /* Release */ = {
			isa = XCBuildConfiguration;
			buildSettings = {
				ALWAYS_SEARCH_USER_PATHS = NO;
				CLANG_CXX_LANGUAGE_STANDARD = "gnu++0x";
				CLANG_CXX_LIBRARY = "libc++";
				CLANG_ENABLE_MODULES = YES;
				CLANG_ENABLE_OBJC_ARC = YES;
				CLANG_WARN_BOOL_CONVERSION = YES;
				CLANG_WARN_CONSTANT_CONVERSION = YES;
				CLANG_WARN_DIRECT_OBJC_ISA_USAGE = YES_ERROR;
				CLANG_WARN_EMPTY_BODY = YES;
				CLANG_WARN_ENUM_CONVERSION = YES;
				CLANG_WARN_INT_CONVERSION = YES;
				CLANG_WARN_OBJC_ROOT_CLASS = YES_ERROR;
				CLANG_WARN_UNREACHABLE_CODE = YES;
				CLANG_WARN__DUPLICATE_METHOD_MATCH = YES;
				"CODE_SIGN_IDENTITY[sdk=iphoneos*]" = "iPhone Developer";
				COPY_PHASE_STRIP = NO;
				CURRENT_PROJECT_VERSION = 1;
				DEBUG_INFORMATION_FORMAT = "dwarf-with-dsym";
				ENABLE_NS_ASSERTIONS = NO;
				ENABLE_STRICT_OBJC_MSGSEND = YES;
				GCC_C_LANGUAGE_STANDARD = gnu99;
				GCC_NO_COMMON_BLOCKS = YES;
				GCC_WARN_64_TO_32_BIT_CONVERSION = YES;
				GCC_WARN_ABOUT_RETURN_TYPE = YES_ERROR;
				GCC_WARN_UNDECLARED_SELECTOR = YES;
				GCC_WARN_UNINITIALIZED_AUTOS = YES_AGGRESSIVE;
				GCC_WARN_UNUSED_FUNCTION = YES;
				GCC_WARN_UNUSED_VARIABLE = YES;
				IPHONEOS_DEPLOYMENT_TARGET = 8.4;
				MTL_ENABLE_DEBUG_INFO = NO;
				SDKROOT = iphoneos;
				TARGETED_DEVICE_FAMILY = "1,2";
				VALIDATE_PRODUCT = YES;
				VERSIONING_SYSTEM = "apple-generic";
				VERSION_INFO_PREFIX = "";
			};
			name = Release;
		};
		5D2B797C1B5000A200E83E2B /* Debug */ = {
			isa = XCBuildConfiguration;
			buildSettings = {
				DEFINES_MODULE = YES;
				DYLIB_COMPATIBILITY_VERSION = 1;
				DYLIB_CURRENT_VERSION = 1;
				DYLIB_INSTALL_NAME_BASE = "@rpath";
				FRAMEWORK_SEARCH_PATHS = (
					"$(inherited)",
					"$(PROJECT_DIR)/Carthage/Build/iOS",
				);
				INFOPLIST_FILE = SuperLogger/Info.plist;
				INSTALL_PATH = "$(LOCAL_LIBRARY_DIR)/Frameworks";
				IPHONEOS_DEPLOYMENT_TARGET = 8.0;
				LD_RUNPATH_SEARCH_PATHS = "$(inherited) @executable_path/Frameworks @loader_path/Frameworks";
				PRODUCT_BUNDLE_IDENTIFIER = "com.livio.$(PRODUCT_NAME:rfc1034identifier)";
				PRODUCT_NAME = "$(TARGET_NAME)";
				SKIP_INSTALL = YES;
			};
			name = Debug;
		};
		5D2B797D1B5000A200E83E2B /* Release */ = {
			isa = XCBuildConfiguration;
			buildSettings = {
				DEFINES_MODULE = YES;
				DYLIB_COMPATIBILITY_VERSION = 1;
				DYLIB_CURRENT_VERSION = 1;
				DYLIB_INSTALL_NAME_BASE = "@rpath";
				FRAMEWORK_SEARCH_PATHS = (
					"$(inherited)",
					"$(PROJECT_DIR)/Carthage/Build/iOS",
				);
				INFOPLIST_FILE = SuperLogger/Info.plist;
				INSTALL_PATH = "$(LOCAL_LIBRARY_DIR)/Frameworks";
				IPHONEOS_DEPLOYMENT_TARGET = 8.0;
				LD_RUNPATH_SEARCH_PATHS = "$(inherited) @executable_path/Frameworks @loader_path/Frameworks";
				PRODUCT_BUNDLE_IDENTIFIER = "com.livio.$(PRODUCT_NAME:rfc1034identifier)";
				PRODUCT_NAME = "$(TARGET_NAME)";
				SKIP_INSTALL = YES;
			};
			name = Release;
		};
		5D2B797F1B5000A200E83E2B /* Debug */ = {
			isa = XCBuildConfiguration;
			buildSettings = {
				ALWAYS_SEARCH_USER_PATHS = YES;
				FRAMEWORK_SEARCH_PATHS = (
					"$(SDKROOT)/Developer/Library/Frameworks",
					"$(inherited)",
					"$(PROJECT_DIR)/Carthage/Build/iOS",
				);
				GCC_PREPROCESSOR_DEFINITIONS = (
					"DEBUG=1",
					"$(inherited)",
				);
				HEADER_SEARCH_PATHS = "$(SRCROOT)/Libs/**";
				INFOPLIST_FILE = SuperLoggerTests/Info.plist;
				LD_RUNPATH_SEARCH_PATHS = "$(inherited) @executable_path/Frameworks @loader_path/Frameworks";
				LIBRARY_SEARCH_PATHS = (
					"$(inherited)",
					"$(PROJECT_DIR)/Libs",
				);
				OTHER_LDFLAGS = "-ObjC";
				PRODUCT_BUNDLE_IDENTIFIER = "com.livio.$(PRODUCT_NAME:rfc1034identifier)";
				PRODUCT_NAME = "$(TARGET_NAME)";
				USER_HEADER_SEARCH_PATHS = "";
			};
			name = Debug;
		};
		5D2B79801B5000A200E83E2B /* Release */ = {
			isa = XCBuildConfiguration;
			buildSettings = {
				ALWAYS_SEARCH_USER_PATHS = YES;
				FRAMEWORK_SEARCH_PATHS = (
					"$(SDKROOT)/Developer/Library/Frameworks",
					"$(inherited)",
					"$(PROJECT_DIR)/Carthage/Build/iOS",
				);
				HEADER_SEARCH_PATHS = "$(SRCROOT)/Libs/**";
				INFOPLIST_FILE = SuperLoggerTests/Info.plist;
				LD_RUNPATH_SEARCH_PATHS = "$(inherited) @executable_path/Frameworks @loader_path/Frameworks";
				LIBRARY_SEARCH_PATHS = (
					"$(inherited)",
					"$(PROJECT_DIR)/Libs",
				);
				OTHER_LDFLAGS = "-ObjC";
				PRODUCT_BUNDLE_IDENTIFIER = "com.livio.$(PRODUCT_NAME:rfc1034identifier)";
				PRODUCT_NAME = "$(TARGET_NAME)";
				USER_HEADER_SEARCH_PATHS = "";
			};
			name = Release;
		};
		5D4049E41B557B8C00DA719D /* Debug */ = {
			isa = XCBuildConfiguration;
			buildSettings = {
				DEBUG_INFORMATION_FORMAT = dwarf;
				DEFINES_MODULE = YES;
				DYLIB_COMPATIBILITY_VERSION = 1;
				DYLIB_CURRENT_VERSION = 1;
				DYLIB_INSTALL_NAME_BASE = "@rpath";
				INFOPLIST_FILE = "SuperLogger-WebServer/Info.plist";
				INSTALL_PATH = "$(LOCAL_LIBRARY_DIR)/Frameworks";
				IPHONEOS_DEPLOYMENT_TARGET = 8.0;
				LD_RUNPATH_SEARCH_PATHS = "$(inherited) @executable_path/Frameworks @loader_path/Frameworks";
				PRODUCT_BUNDLE_IDENTIFIER = com.livio.SuperLoggerWebServer;
				PRODUCT_NAME = "$(TARGET_NAME)";
				SKIP_INSTALL = YES;
			};
			name = Debug;
		};
		5D4049E51B557B8C00DA719D /* Release */ = {
			isa = XCBuildConfiguration;
			buildSettings = {
				DEFINES_MODULE = YES;
				DYLIB_COMPATIBILITY_VERSION = 1;
				DYLIB_CURRENT_VERSION = 1;
				DYLIB_INSTALL_NAME_BASE = "@rpath";
				INFOPLIST_FILE = "SuperLogger-WebServer/Info.plist";
				INSTALL_PATH = "$(LOCAL_LIBRARY_DIR)/Frameworks";
				IPHONEOS_DEPLOYMENT_TARGET = 8.0;
				LD_RUNPATH_SEARCH_PATHS = "$(inherited) @executable_path/Frameworks @loader_path/Frameworks";
				PRODUCT_BUNDLE_IDENTIFIER = com.livio.SuperLoggerWebServer;
				PRODUCT_NAME = "$(TARGET_NAME)";
				SKIP_INSTALL = YES;
			};
			name = Release;
		};
		5D4049E61B557B8C00DA719D /* Debug */ = {
			isa = XCBuildConfiguration;
			buildSettings = {
				DEBUG_INFORMATION_FORMAT = dwarf;
				FRAMEWORK_SEARCH_PATHS = (
					"$(inherited)",
					"$(PROJECT_DIR)/Carthage/Build/iOS",
				);
				INFOPLIST_FILE = "SuperLogger-WebServerTests/Info.plist";
				IPHONEOS_DEPLOYMENT_TARGET = 9.0;
				LD_RUNPATH_SEARCH_PATHS = "$(inherited) @executable_path/Frameworks @loader_path/Frameworks";
				LIBRARY_SEARCH_PATHS = (
					"$(inherited)",
					"$(PROJECT_DIR)/Libs",
				);
				PRODUCT_BUNDLE_IDENTIFIER = com.livio.SuperLoggerWebServerTests;
				PRODUCT_NAME = "$(TARGET_NAME)";
			};
			name = Debug;
		};
		5D4049E71B557B8C00DA719D /* Release */ = {
			isa = XCBuildConfiguration;
			buildSettings = {
				FRAMEWORK_SEARCH_PATHS = (
					"$(inherited)",
					"$(PROJECT_DIR)/Carthage/Build/iOS",
				);
				INFOPLIST_FILE = "SuperLogger-WebServerTests/Info.plist";
				IPHONEOS_DEPLOYMENT_TARGET = 9.0;
				LD_RUNPATH_SEARCH_PATHS = "$(inherited) @executable_path/Frameworks @loader_path/Frameworks";
				LIBRARY_SEARCH_PATHS = (
					"$(inherited)",
					"$(PROJECT_DIR)/Libs",
				);
				PRODUCT_BUNDLE_IDENTIFIER = com.livio.SuperLoggerWebServerTests;
				PRODUCT_NAME = "$(TARGET_NAME)";
			};
			name = Release;
		};
		5D77F9F01B57E9D20013F9A7 /* Debug */ = {
			isa = XCBuildConfiguration;
			buildSettings = {
				DEBUG_INFORMATION_FORMAT = dwarf;
				DEFINES_MODULE = YES;
				DYLIB_COMPATIBILITY_VERSION = 1;
				DYLIB_CURRENT_VERSION = 1;
				DYLIB_INSTALL_NAME_BASE = "@rpath";
				INFOPLIST_FILE = "SuperLogger-Console/Info.plist";
				INSTALL_PATH = "$(LOCAL_LIBRARY_DIR)/Frameworks";
				IPHONEOS_DEPLOYMENT_TARGET = 9.0;
				LD_RUNPATH_SEARCH_PATHS = "$(inherited) @executable_path/Frameworks @loader_path/Frameworks";
				PRODUCT_BUNDLE_IDENTIFIER = com.livio.SuperLoggerConsole;
				PRODUCT_NAME = "$(TARGET_NAME)";
				SKIP_INSTALL = YES;
			};
			name = Debug;
		};
		5D77F9F11B57E9D20013F9A7 /* Release */ = {
			isa = XCBuildConfiguration;
			buildSettings = {
				DEFINES_MODULE = YES;
				DYLIB_COMPATIBILITY_VERSION = 1;
				DYLIB_CURRENT_VERSION = 1;
				DYLIB_INSTALL_NAME_BASE = "@rpath";
				INFOPLIST_FILE = "SuperLogger-Console/Info.plist";
				INSTALL_PATH = "$(LOCAL_LIBRARY_DIR)/Frameworks";
				IPHONEOS_DEPLOYMENT_TARGET = 9.0;
				LD_RUNPATH_SEARCH_PATHS = "$(inherited) @executable_path/Frameworks @loader_path/Frameworks";
				PRODUCT_BUNDLE_IDENTIFIER = com.livio.SuperLoggerConsole;
				PRODUCT_NAME = "$(TARGET_NAME)";
				SKIP_INSTALL = YES;
			};
			name = Release;
		};
		5D77F9F21B57E9D20013F9A7 /* Debug */ = {
			isa = XCBuildConfiguration;
			buildSettings = {
				DEBUG_INFORMATION_FORMAT = dwarf;
				FRAMEWORK_SEARCH_PATHS = (
					"$(inherited)",
					"$(PROJECT_DIR)/Carthage/Build/iOS",
				);
				INFOPLIST_FILE = "SuperLogger-ConsoleTests/Info.plist";
				IPHONEOS_DEPLOYMENT_TARGET = 9.0;
				LD_RUNPATH_SEARCH_PATHS = "$(inherited) @executable_path/Frameworks @loader_path/Frameworks";
				LIBRARY_SEARCH_PATHS = (
					"$(inherited)",
					"$(PROJECT_DIR)/Libs",
				);
				PRODUCT_BUNDLE_IDENTIFIER = com.livio.SuperLoggerConsoleTests;
				PRODUCT_NAME = "$(TARGET_NAME)";
			};
			name = Debug;
		};
		5D77F9F31B57E9D20013F9A7 /* Release */ = {
			isa = XCBuildConfiguration;
			buildSettings = {
				FRAMEWORK_SEARCH_PATHS = (
					"$(inherited)",
					"$(PROJECT_DIR)/Carthage/Build/iOS",
				);
				INFOPLIST_FILE = "SuperLogger-ConsoleTests/Info.plist";
				IPHONEOS_DEPLOYMENT_TARGET = 9.0;
				LD_RUNPATH_SEARCH_PATHS = "$(inherited) @executable_path/Frameworks @loader_path/Frameworks";
				LIBRARY_SEARCH_PATHS = (
					"$(inherited)",
					"$(PROJECT_DIR)/Libs",
				);
				PRODUCT_BUNDLE_IDENTIFIER = com.livio.SuperLoggerConsoleTests;
				PRODUCT_NAME = "$(TARGET_NAME)";
			};
			name = Release;
		};
		5D77FA0D1B57E9DF0013F9A7 /* Debug */ = {
			isa = XCBuildConfiguration;
			buildSettings = {
				DEBUG_INFORMATION_FORMAT = dwarf;
				DEFINES_MODULE = YES;
				DYLIB_COMPATIBILITY_VERSION = 1;
				DYLIB_CURRENT_VERSION = 1;
				DYLIB_INSTALL_NAME_BASE = "@rpath";
				INFOPLIST_FILE = "SuperLogger-File/Info.plist";
				INSTALL_PATH = "$(LOCAL_LIBRARY_DIR)/Frameworks";
				IPHONEOS_DEPLOYMENT_TARGET = 9.0;
				LD_RUNPATH_SEARCH_PATHS = "$(inherited) @executable_path/Frameworks @loader_path/Frameworks";
				PRODUCT_BUNDLE_IDENTIFIER = com.livio.SuperLoggerFile;
				PRODUCT_NAME = "$(TARGET_NAME)";
				SKIP_INSTALL = YES;
			};
			name = Debug;
		};
		5D77FA0E1B57E9DF0013F9A7 /* Release */ = {
			isa = XCBuildConfiguration;
			buildSettings = {
				DEFINES_MODULE = YES;
				DYLIB_COMPATIBILITY_VERSION = 1;
				DYLIB_CURRENT_VERSION = 1;
				DYLIB_INSTALL_NAME_BASE = "@rpath";
				INFOPLIST_FILE = "SuperLogger-File/Info.plist";
				INSTALL_PATH = "$(LOCAL_LIBRARY_DIR)/Frameworks";
				IPHONEOS_DEPLOYMENT_TARGET = 9.0;
				LD_RUNPATH_SEARCH_PATHS = "$(inherited) @executable_path/Frameworks @loader_path/Frameworks";
				PRODUCT_BUNDLE_IDENTIFIER = com.livio.SuperLoggerFile;
				PRODUCT_NAME = "$(TARGET_NAME)";
				SKIP_INSTALL = YES;
			};
			name = Release;
		};
		5D77FA101B57E9DF0013F9A7 /* Debug */ = {
			isa = XCBuildConfiguration;
			buildSettings = {
				DEBUG_INFORMATION_FORMAT = dwarf;
				FRAMEWORK_SEARCH_PATHS = (
					"$(inherited)",
					"$(PROJECT_DIR)/Carthage/Build/iOS",
				);
				INFOPLIST_FILE = "SuperLogger-FileTests/Info.plist";
				IPHONEOS_DEPLOYMENT_TARGET = 9.0;
				LD_RUNPATH_SEARCH_PATHS = "$(inherited) @executable_path/Frameworks @loader_path/Frameworks";
				LIBRARY_SEARCH_PATHS = (
					"$(inherited)",
					"$(PROJECT_DIR)/Libs",
				);
				PRODUCT_BUNDLE_IDENTIFIER = com.livio.SuperLoggerFileTests;
				PRODUCT_NAME = "$(TARGET_NAME)";
			};
			name = Debug;
		};
		5D77FA111B57E9DF0013F9A7 /* Release */ = {
			isa = XCBuildConfiguration;
			buildSettings = {
				FRAMEWORK_SEARCH_PATHS = (
					"$(inherited)",
					"$(PROJECT_DIR)/Carthage/Build/iOS",
				);
				INFOPLIST_FILE = "SuperLogger-FileTests/Info.plist";
				IPHONEOS_DEPLOYMENT_TARGET = 9.0;
				LD_RUNPATH_SEARCH_PATHS = "$(inherited) @executable_path/Frameworks @loader_path/Frameworks";
				LIBRARY_SEARCH_PATHS = (
					"$(inherited)",
					"$(PROJECT_DIR)/Libs",
				);
				PRODUCT_BUNDLE_IDENTIFIER = com.livio.SuperLoggerFileTests;
				PRODUCT_NAME = "$(TARGET_NAME)";
			};
			name = Release;
		};
		5D77FA361B57F8630013F9A7 /* Debug */ = {
			isa = XCBuildConfiguration;
			buildSettings = {
				DEBUG_INFORMATION_FORMAT = dwarf;
				DEFINES_MODULE = YES;
				DYLIB_COMPATIBILITY_VERSION = 1;
				DYLIB_CURRENT_VERSION = 1;
				DYLIB_INSTALL_NAME_BASE = "@rpath";
				INFOPLIST_FILE = "SuperLogger-CoreData/Info.plist";
				INSTALL_PATH = "$(LOCAL_LIBRARY_DIR)/Frameworks";
				IPHONEOS_DEPLOYMENT_TARGET = 9.0;
				LD_RUNPATH_SEARCH_PATHS = "$(inherited) @executable_path/Frameworks @loader_path/Frameworks";
				PRODUCT_BUNDLE_IDENTIFIER = com.livio.SuperLoggerCoreData;
				PRODUCT_NAME = "$(TARGET_NAME)";
				SKIP_INSTALL = YES;
			};
			name = Debug;
		};
		5D77FA371B57F8630013F9A7 /* Release */ = {
			isa = XCBuildConfiguration;
			buildSettings = {
				DEFINES_MODULE = YES;
				DYLIB_COMPATIBILITY_VERSION = 1;
				DYLIB_CURRENT_VERSION = 1;
				DYLIB_INSTALL_NAME_BASE = "@rpath";
				INFOPLIST_FILE = "SuperLogger-CoreData/Info.plist";
				INSTALL_PATH = "$(LOCAL_LIBRARY_DIR)/Frameworks";
				IPHONEOS_DEPLOYMENT_TARGET = 9.0;
				LD_RUNPATH_SEARCH_PATHS = "$(inherited) @executable_path/Frameworks @loader_path/Frameworks";
				PRODUCT_BUNDLE_IDENTIFIER = com.livio.SuperLoggerCoreData;
				PRODUCT_NAME = "$(TARGET_NAME)";
				SKIP_INSTALL = YES;
			};
			name = Release;
		};
		5D77FA391B57F8630013F9A7 /* Debug */ = {
			isa = XCBuildConfiguration;
			buildSettings = {
				DEBUG_INFORMATION_FORMAT = dwarf;
				FRAMEWORK_SEARCH_PATHS = (
					"$(inherited)",
					"$(PROJECT_DIR)/Carthage/Build/iOS",
				);
				INFOPLIST_FILE = "SuperLogger-CoreDataTests/Info.plist";
				IPHONEOS_DEPLOYMENT_TARGET = 9.0;
				LD_RUNPATH_SEARCH_PATHS = "$(inherited) @executable_path/Frameworks @loader_path/Frameworks";
				LIBRARY_SEARCH_PATHS = (
					"$(inherited)",
					"$(PROJECT_DIR)/Libs",
				);
				PRODUCT_BUNDLE_IDENTIFIER = com.livio.SuperLoggerCoreDataTests;
				PRODUCT_NAME = "$(TARGET_NAME)";
			};
			name = Debug;
		};
		5D77FA3A1B57F8630013F9A7 /* Release */ = {
			isa = XCBuildConfiguration;
			buildSettings = {
				FRAMEWORK_SEARCH_PATHS = (
					"$(inherited)",
					"$(PROJECT_DIR)/Carthage/Build/iOS",
				);
				INFOPLIST_FILE = "SuperLogger-CoreDataTests/Info.plist";
				IPHONEOS_DEPLOYMENT_TARGET = 9.0;
				LD_RUNPATH_SEARCH_PATHS = "$(inherited) @executable_path/Frameworks @loader_path/Frameworks";
				LIBRARY_SEARCH_PATHS = (
					"$(inherited)",
					"$(PROJECT_DIR)/Libs",
				);
				PRODUCT_BUNDLE_IDENTIFIER = com.livio.SuperLoggerCoreDataTests;
				PRODUCT_NAME = "$(TARGET_NAME)";
			};
			name = Release;
		};
		5DACEFDD1B8E0747004E74B9 /* Debug */ = {
			isa = XCBuildConfiguration;
			buildSettings = {
				DEBUG_INFORMATION_FORMAT = dwarf;
				DEFINES_MODULE = YES;
				DYLIB_COMPATIBILITY_VERSION = 1;
				DYLIB_CURRENT_VERSION = 1;
				DYLIB_INSTALL_NAME_BASE = "@rpath";
				INFOPLIST_FILE = SuperLoggerASL/Info.plist;
				INSTALL_PATH = "$(LOCAL_LIBRARY_DIR)/Frameworks";
				IPHONEOS_DEPLOYMENT_TARGET = 9.0;
				LD_RUNPATH_SEARCH_PATHS = "$(inherited) @executable_path/Frameworks @loader_path/Frameworks";
				PRODUCT_BUNDLE_IDENTIFIER = com.livio.SuperLoggerASL;
				PRODUCT_NAME = "$(TARGET_NAME)";
				SKIP_INSTALL = YES;
			};
			name = Debug;
		};
		5DACEFDE1B8E0747004E74B9 /* Release */ = {
			isa = XCBuildConfiguration;
			buildSettings = {
				DEFINES_MODULE = YES;
				DYLIB_COMPATIBILITY_VERSION = 1;
				DYLIB_CURRENT_VERSION = 1;
				DYLIB_INSTALL_NAME_BASE = "@rpath";
				INFOPLIST_FILE = SuperLoggerASL/Info.plist;
				INSTALL_PATH = "$(LOCAL_LIBRARY_DIR)/Frameworks";
				IPHONEOS_DEPLOYMENT_TARGET = 9.0;
				LD_RUNPATH_SEARCH_PATHS = "$(inherited) @executable_path/Frameworks @loader_path/Frameworks";
				PRODUCT_BUNDLE_IDENTIFIER = com.livio.SuperLoggerASL;
				PRODUCT_NAME = "$(TARGET_NAME)";
				SKIP_INSTALL = YES;
			};
			name = Release;
		};
		5DACEFE01B8E0747004E74B9 /* Debug */ = {
			isa = XCBuildConfiguration;
			buildSettings = {
				DEBUG_INFORMATION_FORMAT = dwarf;
				INFOPLIST_FILE = SuperLoggerASLTests/Info.plist;
				IPHONEOS_DEPLOYMENT_TARGET = 9.0;
				LD_RUNPATH_SEARCH_PATHS = "$(inherited) @executable_path/Frameworks @loader_path/Frameworks";
				PRODUCT_BUNDLE_IDENTIFIER = com.livio.SuperLoggerASLTests;
				PRODUCT_NAME = "$(TARGET_NAME)";
				TEST_HOST = "$(BUILT_PRODUCTS_DIR)/SuperLoggerTestApp.app/SuperLoggerTestApp";
			};
			name = Debug;
		};
		5DACEFE11B8E0747004E74B9 /* Release */ = {
			isa = XCBuildConfiguration;
			buildSettings = {
				INFOPLIST_FILE = SuperLoggerASLTests/Info.plist;
				IPHONEOS_DEPLOYMENT_TARGET = 9.0;
				LD_RUNPATH_SEARCH_PATHS = "$(inherited) @executable_path/Frameworks @loader_path/Frameworks";
				PRODUCT_BUNDLE_IDENTIFIER = com.livio.SuperLoggerASLTests;
				PRODUCT_NAME = "$(TARGET_NAME)";
				TEST_HOST = "$(BUILT_PRODUCTS_DIR)/SuperLoggerTestApp.app/SuperLoggerTestApp";
			};
			name = Release;
		};
/* End XCBuildConfiguration section */

/* Begin XCConfigurationList section */
		5D0149A61B62CB11005142B2 /* Build configuration list for PBXNativeTarget "SuperLoggerTestApp" */ = {
			isa = XCConfigurationList;
			buildConfigurations = (
				5D0149A71B62CB11005142B2 /* Debug */,
				5D0149A81B62CB11005142B2 /* Release */,
			);
			defaultConfigurationIsVisible = 0;
			defaultConfigurationName = Release;
		};
		5D0149A91B62CB11005142B2 /* Build configuration list for PBXNativeTarget "SuperLoggerTestAppTests" */ = {
			isa = XCConfigurationList;
			buildConfigurations = (
				5D0149AA1B62CB11005142B2 /* Debug */,
				5D0149AB1B62CB11005142B2 /* Release */,
			);
			defaultConfigurationIsVisible = 0;
			defaultConfigurationName = Release;
		};
		5D0149AC1B62CB11005142B2 /* Build configuration list for PBXNativeTarget "SuperLoggerTestAppUITests" */ = {
			isa = XCConfigurationList;
			buildConfigurations = (
				5D0149AD1B62CB11005142B2 /* Debug */,
				5D0149AE1B62CB11005142B2 /* Release */,
			);
			defaultConfigurationIsVisible = 0;
			defaultConfigurationName = Release;
		};
		5D2B795F1B5000A100E83E2B /* Build configuration list for PBXProject "SuperLogger" */ = {
			isa = XCConfigurationList;
			buildConfigurations = (
				5D2B79791B5000A200E83E2B /* Debug */,
				5D2B797A1B5000A200E83E2B /* Release */,
			);
			defaultConfigurationIsVisible = 0;
			defaultConfigurationName = Release;
		};
		5D2B797B1B5000A200E83E2B /* Build configuration list for PBXNativeTarget "SuperLogger" */ = {
			isa = XCConfigurationList;
			buildConfigurations = (
				5D2B797C1B5000A200E83E2B /* Debug */,
				5D2B797D1B5000A200E83E2B /* Release */,
			);
			defaultConfigurationIsVisible = 0;
			defaultConfigurationName = Release;
		};
		5D2B797E1B5000A200E83E2B /* Build configuration list for PBXNativeTarget "SuperLoggerTests" */ = {
			isa = XCConfigurationList;
			buildConfigurations = (
				5D2B797F1B5000A200E83E2B /* Debug */,
				5D2B79801B5000A200E83E2B /* Release */,
			);
			defaultConfigurationIsVisible = 0;
			defaultConfigurationName = Release;
		};
		5D4049E81B557B8C00DA719D /* Build configuration list for PBXNativeTarget "SuperLoggerWebServer" */ = {
			isa = XCConfigurationList;
			buildConfigurations = (
				5D4049E41B557B8C00DA719D /* Debug */,
				5D4049E51B557B8C00DA719D /* Release */,
			);
			defaultConfigurationIsVisible = 0;
			defaultConfigurationName = Release;
		};
		5D4049E91B557B8C00DA719D /* Build configuration list for PBXNativeTarget "SuperLoggerWebServerTests" */ = {
			isa = XCConfigurationList;
			buildConfigurations = (
				5D4049E61B557B8C00DA719D /* Debug */,
				5D4049E71B557B8C00DA719D /* Release */,
			);
			defaultConfigurationIsVisible = 0;
			defaultConfigurationName = Release;
		};
		5D77F9F41B57E9D20013F9A7 /* Build configuration list for PBXNativeTarget "SuperLoggerConsole" */ = {
			isa = XCConfigurationList;
			buildConfigurations = (
				5D77F9F01B57E9D20013F9A7 /* Debug */,
				5D77F9F11B57E9D20013F9A7 /* Release */,
			);
			defaultConfigurationIsVisible = 0;
			defaultConfigurationName = Release;
		};
		5D77F9F51B57E9D20013F9A7 /* Build configuration list for PBXNativeTarget "SuperLoggerConsoleTests" */ = {
			isa = XCConfigurationList;
			buildConfigurations = (
				5D77F9F21B57E9D20013F9A7 /* Debug */,
				5D77F9F31B57E9D20013F9A7 /* Release */,
			);
			defaultConfigurationIsVisible = 0;
			defaultConfigurationName = Release;
		};
		5D77FA0C1B57E9DF0013F9A7 /* Build configuration list for PBXNativeTarget "SuperLoggerFile" */ = {
			isa = XCConfigurationList;
			buildConfigurations = (
				5D77FA0D1B57E9DF0013F9A7 /* Debug */,
				5D77FA0E1B57E9DF0013F9A7 /* Release */,
			);
			defaultConfigurationIsVisible = 0;
			defaultConfigurationName = Release;
		};
		5D77FA0F1B57E9DF0013F9A7 /* Build configuration list for PBXNativeTarget "SuperLoggerFileTests" */ = {
			isa = XCConfigurationList;
			buildConfigurations = (
				5D77FA101B57E9DF0013F9A7 /* Debug */,
				5D77FA111B57E9DF0013F9A7 /* Release */,
			);
			defaultConfigurationIsVisible = 0;
			defaultConfigurationName = Release;
		};
		5D77FA351B57F8630013F9A7 /* Build configuration list for PBXNativeTarget "SuperLoggerCoreData" */ = {
			isa = XCConfigurationList;
			buildConfigurations = (
				5D77FA361B57F8630013F9A7 /* Debug */,
				5D77FA371B57F8630013F9A7 /* Release */,
			);
			defaultConfigurationIsVisible = 0;
			defaultConfigurationName = Release;
		};
		5D77FA381B57F8630013F9A7 /* Build configuration list for PBXNativeTarget "SuperLoggerCoreDataTests" */ = {
			isa = XCConfigurationList;
			buildConfigurations = (
				5D77FA391B57F8630013F9A7 /* Debug */,
				5D77FA3A1B57F8630013F9A7 /* Release */,
			);
			defaultConfigurationIsVisible = 0;
			defaultConfigurationName = Release;
		};
		5DACEFDC1B8E0747004E74B9 /* Build configuration list for PBXNativeTarget "SuperLoggerASL" */ = {
			isa = XCConfigurationList;
			buildConfigurations = (
				5DACEFDD1B8E0747004E74B9 /* Debug */,
				5DACEFDE1B8E0747004E74B9 /* Release */,
			);
			defaultConfigurationIsVisible = 0;
		};
		5DACEFDF1B8E0747004E74B9 /* Build configuration list for PBXNativeTarget "SuperLoggerASLTests" */ = {
			isa = XCConfigurationList;
			buildConfigurations = (
				5DACEFE01B8E0747004E74B9 /* Debug */,
				5DACEFE11B8E0747004E74B9 /* Release */,
			);
			defaultConfigurationIsVisible = 0;
		};
/* End XCConfigurationList section */
	};
	rootObject = 5D2B795C1B5000A100E83E2B /* Project object */;
}
